// !$*UTF8*$!
{
	archiveVersion = 1;
	classes = {
	};
	objectVersion = 56;
	objects = {

/* Begin PBXBuildFile section */
		882E63152AB5FA2700BFE332 /* AppDelegate.swift in Sources */ = {isa = PBXBuildFile; fileRef = 882E63142AB5FA2700BFE332 /* AppDelegate.swift */; };
		882E63172AB5FA2700BFE332 /* SceneDelegate.swift in Sources */ = {isa = PBXBuildFile; fileRef = 882E63162AB5FA2700BFE332 /* SceneDelegate.swift */; };
		882E631E2AB5FA2800BFE332 /* Assets.xcassets in Resources */ = {isa = PBXBuildFile; fileRef = 882E631D2AB5FA2800BFE332 /* Assets.xcassets */; };
		882E63212AB5FA2800BFE332 /* LaunchScreen.storyboard in Resources */ = {isa = PBXBuildFile; fileRef = 882E631F2AB5FA2800BFE332 /* LaunchScreen.storyboard */; };
		882E632A2AB5FABE00BFE332 /* SwiftKeychainWrapper in Frameworks */ = {isa = PBXBuildFile; productRef = 882E63292AB5FABE00BFE332 /* SwiftKeychainWrapper */; };
		882E632D2AB5FACF00BFE332 /* Moya in Frameworks */ = {isa = PBXBuildFile; productRef = 882E632C2AB5FACF00BFE332 /* Moya */; };
		882E63302AB5FADE00BFE332 /* SnapKit in Frameworks */ = {isa = PBXBuildFile; productRef = 882E632F2AB5FADE00BFE332 /* SnapKit */; };
		882E63332AB5FAF100BFE332 /* Then in Frameworks */ = {isa = PBXBuildFile; productRef = 882E63322AB5FAF100BFE332 /* Then */; };
		882E633E2AB5FC3B00BFE332 /* BaseVC.swift in Sources */ = {isa = PBXBuildFile; fileRef = 882E633D2AB5FC3B00BFE332 /* BaseVC.swift */; };
/* End PBXBuildFile section */

/* Begin PBXFileReference section */
		882E63112AB5FA2700BFE332 /* SVAP_iOS.app */ = {isa = PBXFileReference; explicitFileType = wrapper.application; includeInIndex = 0; path = SVAP_iOS.app; sourceTree = BUILT_PRODUCTS_DIR; };
		882E63142AB5FA2700BFE332 /* AppDelegate.swift */ = {isa = PBXFileReference; lastKnownFileType = sourcecode.swift; path = AppDelegate.swift; sourceTree = "<group>"; };
		882E63162AB5FA2700BFE332 /* SceneDelegate.swift */ = {isa = PBXFileReference; lastKnownFileType = sourcecode.swift; path = SceneDelegate.swift; sourceTree = "<group>"; };
		882E631D2AB5FA2800BFE332 /* Assets.xcassets */ = {isa = PBXFileReference; lastKnownFileType = folder.assetcatalog; path = Assets.xcassets; sourceTree = "<group>"; };
		882E63202AB5FA2800BFE332 /* Base */ = {isa = PBXFileReference; lastKnownFileType = file.storyboard; name = Base; path = Base.lproj/LaunchScreen.storyboard; sourceTree = "<group>"; };
		882E63222AB5FA2800BFE332 /* Info.plist */ = {isa = PBXFileReference; lastKnownFileType = text.plist.xml; path = Info.plist; sourceTree = "<group>"; };
		882E633D2AB5FC3B00BFE332 /* BaseVC.swift */ = {isa = PBXFileReference; lastKnownFileType = sourcecode.swift; path = BaseVC.swift; sourceTree = "<group>"; };
/* End PBXFileReference section */

/* Begin PBXFrameworksBuildPhase section */
		882E630E2AB5FA2700BFE332 /* Frameworks */ = {
			isa = PBXFrameworksBuildPhase;
			buildActionMask = 2147483647;
			files = (
				882E63302AB5FADE00BFE332 /* SnapKit in Frameworks */,
				882E632D2AB5FACF00BFE332 /* Moya in Frameworks */,
				882E632A2AB5FABE00BFE332 /* SwiftKeychainWrapper in Frameworks */,
				882E63332AB5FAF100BFE332 /* Then in Frameworks */,
			);
			runOnlyForDeploymentPostprocessing = 0;
		};
/* End PBXFrameworksBuildPhase section */

/* Begin PBXGroup section */
		882E63082AB5FA2700BFE332 = {
			isa = PBXGroup;
			children = (
				882E63132AB5FA2700BFE332 /* SVAP_iOS */,
				882E63122AB5FA2700BFE332 /* Products */,
			);
			sourceTree = "<group>";
		};
		882E63122AB5FA2700BFE332 /* Products */ = {
			isa = PBXGroup;
			children = (
				882E63112AB5FA2700BFE332 /* SVAP_iOS.app */,
			);
			name = Products;
			sourceTree = "<group>";
		};
		882E63132AB5FA2700BFE332 /* SVAP_iOS */ = {
			isa = PBXGroup;
			children = (
				882E63342AB5FB0800BFE332 /* Resources */,
				882E63352AB5FB4300BFE332 /* Sources */,
				882E63222AB5FA2800BFE332 /* Info.plist */,
			);
			path = SVAP_iOS;
			sourceTree = "<group>";
		};
		882E63342AB5FB0800BFE332 /* Resources */ = {
			isa = PBXGroup;
			children = (
				882E63142AB5FA2700BFE332 /* AppDelegate.swift */,
				882E63162AB5FA2700BFE332 /* SceneDelegate.swift */,
				882E631D2AB5FA2800BFE332 /* Assets.xcassets */,
				882E631F2AB5FA2800BFE332 /* LaunchScreen.storyboard */,
			);
			path = Resources;
			sourceTree = "<group>";
		};
		882E63352AB5FB4300BFE332 /* Sources */ = {
			isa = PBXGroup;
			children = (
				882E633B2AB5FC1400BFE332 /* Base */,
				882E63362AB5FB5600BFE332 /* Auth */,
			);
			path = Sources;
			sourceTree = "<group>";
		};
		882E63362AB5FB5600BFE332 /* Auth */ = {
			isa = PBXGroup;
			children = (
				882E63372AB5FB5B00BFE332 /* Login */,
				882E63382AB5FB5F00BFE332 /* Signup */,
			);
			path = Auth;
			sourceTree = "<group>";
		};
		882E63372AB5FB5B00BFE332 /* Login */ = {
			isa = PBXGroup;
			children = (
			);
			path = Login;
			sourceTree = "<group>";
		};
		882E63382AB5FB5F00BFE332 /* Signup */ = {
			isa = PBXGroup;
			children = (
			);
			path = Signup;
			sourceTree = "<group>";
		};
		882E633B2AB5FC1400BFE332 /* Base */ = {
			isa = PBXGroup;
			children = (
				882E633D2AB5FC3B00BFE332 /* BaseVC.swift */,
			);
			path = Base;
			sourceTree = "<group>";
		};
/* End PBXGroup section */

/* Begin PBXNativeTarget section */
		882E63102AB5FA2700BFE332 /* SVAP_iOS */ = {
			isa = PBXNativeTarget;
			buildConfigurationList = 882E63252AB5FA2800BFE332 /* Build configuration list for PBXNativeTarget "SVAP_iOS" */;
			buildPhases = (
				882E630D2AB5FA2700BFE332 /* Sources */,
				882E630E2AB5FA2700BFE332 /* Frameworks */,
				882E630F2AB5FA2700BFE332 /* Resources */,
			);
			buildRules = (
			);
			dependencies = (
			);
			name = SVAP_iOS;
			packageProductDependencies = (
				882E63292AB5FABE00BFE332 /* SwiftKeychainWrapper */,
				882E632C2AB5FACF00BFE332 /* Moya */,
				882E632F2AB5FADE00BFE332 /* SnapKit */,
				882E63322AB5FAF100BFE332 /* Then */,
			);
			productName = SVAP_iOS;
			productReference = 882E63112AB5FA2700BFE332 /* SVAP_iOS.app */;
			productType = "com.apple.product-type.application";
		};
/* End PBXNativeTarget section */

/* Begin PBXProject section */
		882E63092AB5FA2700BFE332 /* Project object */ = {
			isa = PBXProject;
			attributes = {
				BuildIndependentTargetsInParallel = 1;
				LastSwiftUpdateCheck = 1430;
				LastUpgradeCheck = 1430;
				TargetAttributes = {
					882E63102AB5FA2700BFE332 = {
						CreatedOnToolsVersion = 14.3.1;
					};
				};
			};
			buildConfigurationList = 882E630C2AB5FA2700BFE332 /* Build configuration list for PBXProject "SVAP_iOS" */;
			compatibilityVersion = "Xcode 14.0";
			developmentRegion = en;
			hasScannedForEncodings = 0;
			knownRegions = (
				en,
				Base,
			);
			mainGroup = 882E63082AB5FA2700BFE332;
			packageReferences = (
				882E63282AB5FABE00BFE332 /* XCRemoteSwiftPackageReference "SwiftKeychainWrapper" */,
				882E632B2AB5FACF00BFE332 /* XCRemoteSwiftPackageReference "Moya" */,
				882E632E2AB5FADE00BFE332 /* XCRemoteSwiftPackageReference "SnapKit" */,
				882E63312AB5FAF100BFE332 /* XCRemoteSwiftPackageReference "Then" */,
			);
			productRefGroup = 882E63122AB5FA2700BFE332 /* Products */;
			projectDirPath = "";
			projectRoot = "";
			targets = (
				882E63102AB5FA2700BFE332 /* SVAP_iOS */,
			);
		};
/* End PBXProject section */

/* Begin PBXResourcesBuildPhase section */
		882E630F2AB5FA2700BFE332 /* Resources */ = {
			isa = PBXResourcesBuildPhase;
			buildActionMask = 2147483647;
			files = (
				882E63212AB5FA2800BFE332 /* LaunchScreen.storyboard in Resources */,
				882E631E2AB5FA2800BFE332 /* Assets.xcassets in Resources */,
			);
			runOnlyForDeploymentPostprocessing = 0;
		};
/* End PBXResourcesBuildPhase section */

/* Begin PBXSourcesBuildPhase section */
		882E630D2AB5FA2700BFE332 /* Sources */ = {
			isa = PBXSourcesBuildPhase;
			buildActionMask = 2147483647;
			files = (
				882E63152AB5FA2700BFE332 /* AppDelegate.swift in Sources */,
				882E633E2AB5FC3B00BFE332 /* BaseVC.swift in Sources */,
				882E63172AB5FA2700BFE332 /* SceneDelegate.swift in Sources */,
			);
			runOnlyForDeploymentPostprocessing = 0;
		};
/* End PBXSourcesBuildPhase section */

/* Begin PBXVariantGroup section */
		882E631F2AB5FA2800BFE332 /* LaunchScreen.storyboard */ = {
			isa = PBXVariantGroup;
			children = (
				882E63202AB5FA2800BFE332 /* Base */,
			);
			name = LaunchScreen.storyboard;
			sourceTree = "<group>";
		};
/* End PBXVariantGroup section */

/* Begin XCBuildConfiguration section */
		882E63232AB5FA2800BFE332 /* Debug */ = {
			isa = XCBuildConfiguration;
			buildSettings = {
				ALWAYS_SEARCH_USER_PATHS = NO;
				CLANG_ANALYZER_NONNULL = YES;
				CLANG_ANALYZER_NUMBER_OBJECT_CONVERSION = YES_AGGRESSIVE;
				CLANG_CXX_LANGUAGE_STANDARD = "gnu++20";
				CLANG_ENABLE_MODULES = YES;
				CLANG_ENABLE_OBJC_ARC = YES;
				CLANG_ENABLE_OBJC_WEAK = YES;
				CLANG_WARN_BLOCK_CAPTURE_AUTORELEASING = YES;
				CLANG_WARN_BOOL_CONVERSION = YES;
				CLANG_WARN_COMMA = YES;
				CLANG_WARN_CONSTANT_CONVERSION = YES;
				CLANG_WARN_DEPRECATED_OBJC_IMPLEMENTATIONS = YES;
				CLANG_WARN_DIRECT_OBJC_ISA_USAGE = YES_ERROR;
				CLANG_WARN_DOCUMENTATION_COMMENTS = YES;
				CLANG_WARN_EMPTY_BODY = YES;
				CLANG_WARN_ENUM_CONVERSION = YES;
				CLANG_WARN_INFINITE_RECURSION = YES;
				CLANG_WARN_INT_CONVERSION = YES;
				CLANG_WARN_NON_LITERAL_NULL_CONVERSION = YES;
				CLANG_WARN_OBJC_IMPLICIT_RETAIN_SELF = YES;
				CLANG_WARN_OBJC_LITERAL_CONVERSION = YES;
				CLANG_WARN_OBJC_ROOT_CLASS = YES_ERROR;
				CLANG_WARN_QUOTED_INCLUDE_IN_FRAMEWORK_HEADER = YES;
				CLANG_WARN_RANGE_LOOP_ANALYSIS = YES;
				CLANG_WARN_STRICT_PROTOTYPES = YES;
				CLANG_WARN_SUSPICIOUS_MOVE = YES;
				CLANG_WARN_UNGUARDED_AVAILABILITY = YES_AGGRESSIVE;
				CLANG_WARN_UNREACHABLE_CODE = YES;
				CLANG_WARN__DUPLICATE_METHOD_MATCH = YES;
				COPY_PHASE_STRIP = NO;
				DEBUG_INFORMATION_FORMAT = dwarf;
				ENABLE_STRICT_OBJC_MSGSEND = YES;
				ENABLE_TESTABILITY = YES;
				GCC_C_LANGUAGE_STANDARD = gnu11;
				GCC_DYNAMIC_NO_PIC = NO;
				GCC_NO_COMMON_BLOCKS = YES;
				GCC_OPTIMIZATION_LEVEL = 0;
				GCC_PREPROCESSOR_DEFINITIONS = (
					"DEBUG=1",
					"$(inherited)",
				);
				GCC_WARN_64_TO_32_BIT_CONVERSION = YES;
				GCC_WARN_ABOUT_RETURN_TYPE = YES_ERROR;
				GCC_WARN_UNDECLARED_SELECTOR = YES;
				GCC_WARN_UNINITIALIZED_AUTOS = YES_AGGRESSIVE;
				GCC_WARN_UNUSED_FUNCTION = YES;
				GCC_WARN_UNUSED_VARIABLE = YES;
				IPHONEOS_DEPLOYMENT_TARGET = 16.4;
				MTL_ENABLE_DEBUG_INFO = INCLUDE_SOURCE;
				MTL_FAST_MATH = YES;
				ONLY_ACTIVE_ARCH = YES;
				SDKROOT = iphoneos;
				SWIFT_ACTIVE_COMPILATION_CONDITIONS = DEBUG;
				SWIFT_OPTIMIZATION_LEVEL = "-Onone";
			};
			name = Debug;
		};
		882E63242AB5FA2800BFE332 /* Release */ = {
			isa = XCBuildConfiguration;
			buildSettings = {
				ALWAYS_SEARCH_USER_PATHS = NO;
				CLANG_ANALYZER_NONNULL = YES;
				CLANG_ANALYZER_NUMBER_OBJECT_CONVERSION = YES_AGGRESSIVE;
				CLANG_CXX_LANGUAGE_STANDARD = "gnu++20";
				CLANG_ENABLE_MODULES = YES;
				CLANG_ENABLE_OBJC_ARC = YES;
				CLANG_ENABLE_OBJC_WEAK = YES;
				CLANG_WARN_BLOCK_CAPTURE_AUTORELEASING = YES;
				CLANG_WARN_BOOL_CONVERSION = YES;
				CLANG_WARN_COMMA = YES;
				CLANG_WARN_CONSTANT_CONVERSION = YES;
				CLANG_WARN_DEPRECATED_OBJC_IMPLEMENTATIONS = YES;
				CLANG_WARN_DIRECT_OBJC_ISA_USAGE = YES_ERROR;
				CLANG_WARN_DOCUMENTATION_COMMENTS = YES;
				CLANG_WARN_EMPTY_BODY = YES;
				CLANG_WARN_ENUM_CONVERSION = YES;
				CLANG_WARN_INFINITE_RECURSION = YES;
				CLANG_WARN_INT_CONVERSION = YES;
				CLANG_WARN_NON_LITERAL_NULL_CONVERSION = YES;
				CLANG_WARN_OBJC_IMPLICIT_RETAIN_SELF = YES;
				CLANG_WARN_OBJC_LITERAL_CONVERSION = YES;
				CLANG_WARN_OBJC_ROOT_CLASS = YES_ERROR;
				CLANG_WARN_QUOTED_INCLUDE_IN_FRAMEWORK_HEADER = YES;
				CLANG_WARN_RANGE_LOOP_ANALYSIS = YES;
				CLANG_WARN_STRICT_PROTOTYPES = YES;
				CLANG_WARN_SUSPICIOUS_MOVE = YES;
				CLANG_WARN_UNGUARDED_AVAILABILITY = YES_AGGRESSIVE;
				CLANG_WARN_UNREACHABLE_CODE = YES;
				CLANG_WARN__DUPLICATE_METHOD_MATCH = YES;
				COPY_PHASE_STRIP = NO;
				DEBUG_INFORMATION_FORMAT = "dwarf-with-dsym";
				ENABLE_NS_ASSERTIONS = NO;
				ENABLE_STRICT_OBJC_MSGSEND = YES;
				GCC_C_LANGUAGE_STANDARD = gnu11;
				GCC_NO_COMMON_BLOCKS = YES;
				GCC_WARN_64_TO_32_BIT_CONVERSION = YES;
				GCC_WARN_ABOUT_RETURN_TYPE = YES_ERROR;
				GCC_WARN_UNDECLARED_SELECTOR = YES;
				GCC_WARN_UNINITIALIZED_AUTOS = YES_AGGRESSIVE;
				GCC_WARN_UNUSED_FUNCTION = YES;
				GCC_WARN_UNUSED_VARIABLE = YES;
				IPHONEOS_DEPLOYMENT_TARGET = 16.4;
				MTL_ENABLE_DEBUG_INFO = NO;
				MTL_FAST_MATH = YES;
				SDKROOT = iphoneos;
				SWIFT_COMPILATION_MODE = wholemodule;
				SWIFT_OPTIMIZATION_LEVEL = "-O";
				VALIDATE_PRODUCT = YES;
			};
			name = Release;
		};
		882E63262AB5FA2800BFE332 /* Debug */ = {
			isa = XCBuildConfiguration;
			buildSettings = {
				ASSETCATALOG_COMPILER_APPICON_NAME = AppIcon;
				ASSETCATALOG_COMPILER_GLOBAL_ACCENT_COLOR_NAME = AccentColor;
				CODE_SIGN_STYLE = Automatic;
				CURRENT_PROJECT_VERSION = 1;
				DEVELOPMENT_TEAM = 8836BP5ACL;
				GENERATE_INFOPLIST_FILE = YES;
				INFOPLIST_FILE = SVAP_iOS/Info.plist;
				INFOPLIST_KEY_UIApplicationSupportsIndirectInputEvents = YES;
				INFOPLIST_KEY_UILaunchStoryboardName = LaunchScreen;
				INFOPLIST_KEY_UISupportedInterfaceOrientations_iPad = "UIInterfaceOrientationPortrait UIInterfaceOrientationPortraitUpsideDown UIInterfaceOrientationLandscapeLeft UIInterfaceOrientationLandscapeRight";
				INFOPLIST_KEY_UISupportedInterfaceOrientations_iPhone = "UIInterfaceOrientationPortrait UIInterfaceOrientationLandscapeLeft UIInterfaceOrientationLandscapeRight";
				LD_RUNPATH_SEARCH_PATHS = (
					"$(inherited)",
					"@executable_path/Frameworks",
				);
				MARKETING_VERSION = 1.0;
				PRODUCT_BUNDLE_IDENTIFIER = "com.SVAP.SVAP-iOS";
				PRODUCT_NAME = "$(TARGET_NAME)";
				SWIFT_EMIT_LOC_STRINGS = YES;
				SWIFT_VERSION = 5.0;
				TARGETED_DEVICE_FAMILY = "1,2";
			};
			name = Debug;
		};
		882E63272AB5FA2800BFE332 /* Release */ = {
			isa = XCBuildConfiguration;
			buildSettings = {
				ASSETCATALOG_COMPILER_APPICON_NAME = AppIcon;
				ASSETCATALOG_COMPILER_GLOBAL_ACCENT_COLOR_NAME = AccentColor;
				CODE_SIGN_STYLE = Automatic;
				CURRENT_PROJECT_VERSION = 1;
				DEVELOPMENT_TEAM = 8836BP5ACL;
				GENERATE_INFOPLIST_FILE = YES;
				INFOPLIST_FILE = SVAP_iOS/Info.plist;
				INFOPLIST_KEY_UIApplicationSupportsIndirectInputEvents = YES;
				INFOPLIST_KEY_UILaunchStoryboardName = LaunchScreen;
				INFOPLIST_KEY_UISupportedInterfaceOrientations_iPad = "UIInterfaceOrientationPortrait UIInterfaceOrientationPortraitUpsideDown UIInterfaceOrientationLandscapeLeft UIInterfaceOrientationLandscapeRight";
				INFOPLIST_KEY_UISupportedInterfaceOrientations_iPhone = "UIInterfaceOrientationPortrait UIInterfaceOrientationLandscapeLeft UIInterfaceOrientationLandscapeRight";
				LD_RUNPATH_SEARCH_PATHS = (
					"$(inherited)",
					"@executable_path/Frameworks",
				);
				MARKETING_VERSION = 1.0;
				PRODUCT_BUNDLE_IDENTIFIER = "com.SVAP.SVAP-iOS";
				PRODUCT_NAME = "$(TARGET_NAME)";
				SWIFT_EMIT_LOC_STRINGS = YES;
				SWIFT_VERSION = 5.0;
				TARGETED_DEVICE_FAMILY = "1,2";
			};
			name = Release;
		};
/* End XCBuildConfiguration section */

/* Begin XCConfigurationList section */
		882E630C2AB5FA2700BFE332 /* Build configuration list for PBXProject "SVAP_iOS" */ = {
			isa = XCConfigurationList;
			buildConfigurations = (
				882E63232AB5FA2800BFE332 /* Debug */,
				882E63242AB5FA2800BFE332 /* Release */,
			);
			defaultConfigurationIsVisible = 0;
			defaultConfigurationName = Release;
		};
		882E63252AB5FA2800BFE332 /* Build configuration list for PBXNativeTarget "SVAP_iOS" */ = {
			isa = XCConfigurationList;
			buildConfigurations = (
				882E63262AB5FA2800BFE332 /* Debug */,
				882E63272AB5FA2800BFE332 /* Release */,
			);
			defaultConfigurationIsVisible = 0;
			defaultConfigurationName = Release;
		};
/* End XCConfigurationList section */

/* Begin XCRemoteSwiftPackageReference section */
		882E63282AB5FABE00BFE332 /* XCRemoteSwiftPackageReference "SwiftKeychainWrapper" */ = {
			isa = XCRemoteSwiftPackageReference;
			repositoryURL = "https://github.com/jrendel/SwiftKeychainWrapper";
			requirement = {
				kind = upToNextMajorVersion;
				minimumVersion = 4.0.0;
			};
		};
		882E632B2AB5FACF00BFE332 /* XCRemoteSwiftPackageReference "Moya" */ = {
			isa = XCRemoteSwiftPackageReference;
			repositoryURL = "https://github.com/Moya/Moya.git";
			requirement = {
				kind = upToNextMajorVersion;
				minimumVersion = 15.0.0;
			};
		};
		882E632E2AB5FADE00BFE332 /* XCRemoteSwiftPackageReference "SnapKit" */ = {
			isa = XCRemoteSwiftPackageReference;
			repositoryURL = "https://github.com/SnapKit/SnapKit.git";
			requirement = {
				kind = upToNextMajorVersion;
				minimumVersion = 5.0.0;
			};
		};
		882E63312AB5FAF100BFE332 /* XCRemoteSwiftPackageReference "Then" */ = {
			isa = XCRemoteSwiftPackageReference;
			repositoryURL = "https://github.com/devxoul/Then";
			requirement = {
				kind = upToNextMajorVersion;
				minimumVersion = 3.0.0;
			};
		};
/* End XCRemoteSwiftPackageReference section */

/* Begin XCSwiftPackageProductDependency section */
		882E63292AB5FABE00BFE332 /* SwiftKeychainWrapper */ = {
			isa = XCSwiftPackageProductDependency;
			package = 882E63282AB5FABE00BFE332 /* XCRemoteSwiftPackageReference "SwiftKeychainWrapper" */;
			productName = SwiftKeychainWrapper;
		};
		882E632C2AB5FACF00BFE332 /* Moya */ = {
			isa = XCSwiftPackageProductDependency;
			package = 882E632B2AB5FACF00BFE332 /* XCRemoteSwiftPackageReference "Moya" */;
			productName = Moya;
		};
		882E632F2AB5FADE00BFE332 /* SnapKit */ = {
			isa = XCSwiftPackageProductDependency;
			package = 882E632E2AB5FADE00BFE332 /* XCRemoteSwiftPackageReference "SnapKit" */;
			productName = SnapKit;
		};
		882E63322AB5FAF100BFE332 /* Then */ = {
			isa = XCSwiftPackageProductDependency;
			package = 882E63312AB5FAF100BFE332 /* XCRemoteSwiftPackageReference "Then" */;
			productName = Then;
		};
/* End XCSwiftPackageProductDependency section */
	};
	rootObject = 882E63092AB5FA2700BFE332 /* Project object */;
}
