// !$*UTF8*$!
{
	archiveVersion = 1;
	classes = {
	};
	objectVersion = 56;
	objects = {

/* Begin PBXBuildFile section */
		8803D3A52AC1CCF900B36C9E /* PetitionCell.swift in Sources */ = {isa = PBXBuildFile; fileRef = 8803D3A42AC1CCF900B36C9E /* PetitionCell.swift */; };
		880D92282AC860F70053D5A6 /* Moya in Frameworks */ = {isa = PBXBuildFile; productRef = 880D92272AC860F70053D5A6 /* Moya */; };
		880D92302AC861DA0053D5A6 /* AuthAPI.swift in Sources */ = {isa = PBXBuildFile; fileRef = 880D922F2AC861DA0053D5A6 /* AuthAPI.swift */; };
		880D92342AC864530053D5A6 /* SwiftKeychainWrapper in Frameworks */ = {isa = PBXBuildFile; productRef = 880D92332AC864530053D5A6 /* SwiftKeychainWrapper */; };
		880D92382AC864A10053D5A6 /* Header.swift in Sources */ = {isa = PBXBuildFile; fileRef = 880D92372AC864A10053D5A6 /* Header.swift */; };
		880D923C2AC9B2500053D5A6 /* AuthResponse.swift in Sources */ = {isa = PBXBuildFile; fileRef = 880D923B2AC9B2500053D5A6 /* AuthResponse.swift */; };
		880D92412AC9B3B40053D5A6 /* PetitionAPI.swift in Sources */ = {isa = PBXBuildFile; fileRef = 880D92402AC9B3B40053D5A6 /* PetitionAPI.swift */; };
		882E63152AB5FA2700BFE332 /* AppDelegate.swift in Sources */ = {isa = PBXBuildFile; fileRef = 882E63142AB5FA2700BFE332 /* AppDelegate.swift */; };
		882E63172AB5FA2700BFE332 /* SceneDelegate.swift in Sources */ = {isa = PBXBuildFile; fileRef = 882E63162AB5FA2700BFE332 /* SceneDelegate.swift */; };
		882E631E2AB5FA2800BFE332 /* Assets.xcassets in Resources */ = {isa = PBXBuildFile; fileRef = 882E631D2AB5FA2800BFE332 /* Assets.xcassets */; };
		882E63212AB5FA2800BFE332 /* LaunchScreen.storyboard in Resources */ = {isa = PBXBuildFile; fileRef = 882E631F2AB5FA2800BFE332 /* LaunchScreen.storyboard */; };
		882E633E2AB5FC3B00BFE332 /* BaseVC.swift in Sources */ = {isa = PBXBuildFile; fileRef = 882E633D2AB5FC3B00BFE332 /* BaseVC.swift */; };
		882E63402AB5FF8000BFE332 /* LoginViewController.swift in Sources */ = {isa = PBXBuildFile; fileRef = 882E633F2AB5FF7F00BFE332 /* LoginViewController.swift */; };
		882E63442AB6048F00BFE332 /* StartViewController.swift in Sources */ = {isa = PBXBuildFile; fileRef = 882E63432AB6048F00BFE332 /* StartViewController.swift */; };
		882E63472AB6054700BFE332 /* CustomButton.swift in Sources */ = {isa = PBXBuildFile; fileRef = 882E63462AB6054700BFE332 /* CustomButton.swift */; };
		882E63512AB606E000BFE332 /* IBMPlexSansKR-ExtraLight.ttf in Resources */ = {isa = PBXBuildFile; fileRef = 882E63492AB606E000BFE332 /* IBMPlexSansKR-ExtraLight.ttf */; };
		882E63522AB606E000BFE332 /* IBMPlexSansKR-Regular.ttf in Resources */ = {isa = PBXBuildFile; fileRef = 882E634A2AB606E000BFE332 /* IBMPlexSansKR-Regular.ttf */; };
		882E63532AB606E000BFE332 /* IBMPlexSansKR-SemiBold.ttf in Resources */ = {isa = PBXBuildFile; fileRef = 882E634B2AB606E000BFE332 /* IBMPlexSansKR-SemiBold.ttf */; };
		882E63542AB606E000BFE332 /* IBMPlexSansKR-Medium.ttf in Resources */ = {isa = PBXBuildFile; fileRef = 882E634C2AB606E000BFE332 /* IBMPlexSansKR-Medium.ttf */; };
		882E63552AB606E000BFE332 /* OFL.txt in Resources */ = {isa = PBXBuildFile; fileRef = 882E634D2AB606E000BFE332 /* OFL.txt */; };
		882E63562AB606E000BFE332 /* IBMPlexSansKR-Light.ttf in Resources */ = {isa = PBXBuildFile; fileRef = 882E634E2AB606E000BFE332 /* IBMPlexSansKR-Light.ttf */; };
		882E63572AB606E000BFE332 /* IBMPlexSansKR-Thin.ttf in Resources */ = {isa = PBXBuildFile; fileRef = 882E634F2AB606E000BFE332 /* IBMPlexSansKR-Thin.ttf */; };
		882E63582AB606E000BFE332 /* IBMPlexSansKR-Bold.ttf in Resources */ = {isa = PBXBuildFile; fileRef = 882E63502AB606E000BFE332 /* IBMPlexSansKR-Bold.ttf */; };
		882E635A2AB6169A00BFE332 /* UserIdViewController.swift in Sources */ = {isa = PBXBuildFile; fileRef = 882E63592AB6169A00BFE332 /* UserIdViewController.swift */; };
		882E635C2AB6172800BFE332 /* CustomTextField.swift in Sources */ = {isa = PBXBuildFile; fileRef = 882E635B2AB6172800BFE332 /* CustomTextField.swift */; };
		882E63642AB69D2300BFE332 /* LabelButton.swift in Sources */ = {isa = PBXBuildFile; fileRef = 882E63632AB69D2300BFE332 /* LabelButton.swift */; };
		882E63662AB7081000BFE332 /* UserPasswordViewController.swift in Sources */ = {isa = PBXBuildFile; fileRef = 882E63652AB7081000BFE332 /* UserPasswordViewController.swift */; };
		882E63682AB7098000BFE332 /* UserNameViewController.swift in Sources */ = {isa = PBXBuildFile; fileRef = 882E63672AB7098000BFE332 /* UserNameViewController.swift */; };
		882E63752AB7109000BFE332 /* MainViewController.swift in Sources */ = {isa = PBXBuildFile; fileRef = 882E63742AB7109000BFE332 /* MainViewController.swift */; };
		882E63772AB736F200BFE332 /* MainCell.swift in Sources */ = {isa = PBXBuildFile; fileRef = 882E63762AB736F200BFE332 /* MainCell.swift */; };
		882E63792AB7FBE900BFE332 /* FamousCell.swift in Sources */ = {isa = PBXBuildFile; fileRef = 882E63782AB7FBE900BFE332 /* FamousCell.swift */; };
		882E637B2AB7FC0600BFE332 /* ApprovedCell.swift in Sources */ = {isa = PBXBuildFile; fileRef = 882E637A2AB7FC0600BFE332 /* ApprovedCell.swift */; };
		882E637D2AB8565600BFE332 /* PetitionButton.swift in Sources */ = {isa = PBXBuildFile; fileRef = 882E637C2AB8565600BFE332 /* PetitionButton.swift */; };
		884A91362ACF7C8E00AE1E14 /* DetailPetitionViewController.swift in Sources */ = {isa = PBXBuildFile; fileRef = 884A91352ACF7C8E00AE1E14 /* DetailPetitionViewController.swift */; };
		884A91382ACFE5B300AE1E14 /* CustomTextView.swift in Sources */ = {isa = PBXBuildFile; fileRef = 884A91372ACFE5B300AE1E14 /* CustomTextView.swift */; };
		884A913F2AD1548300AE1E14 /* SideMenuContentViewController.swift in Sources */ = {isa = PBXBuildFile; fileRef = 884A913E2AD1548300AE1E14 /* SideMenuContentViewController.swift */; };
		884A91422AD19FF000AE1E14 /* SideMenu in Frameworks */ = {isa = PBXBuildFile; productRef = 884A91412AD19FF000AE1E14 /* SideMenu */; };
		884A91452AD2745900AE1E14 /* UserInfo.swift in Sources */ = {isa = PBXBuildFile; fileRef = 884A91442AD2745900AE1E14 /* UserInfo.swift */; };
		884A914D2AD2FE3600AE1E14 /* MoyaLoggerPlugin.swift in Sources */ = {isa = PBXBuildFile; fileRef = 884A914C2AD2FE3600AE1E14 /* MoyaLoggerPlugin.swift */; };
		884A91512AD30CD700AE1E14 /* UserPetitionResponse.swift in Sources */ = {isa = PBXBuildFile; fileRef = 884A91502AD30CD700AE1E14 /* UserPetitionResponse.swift */; };
		885A74942AC2ED4A00EC3F1A /* SearchTextField.swift in Sources */ = {isa = PBXBuildFile; fileRef = 885A74932AC2ED4A00EC3F1A /* SearchTextField.swift */; };
		888A18852ABFE73A00168377 /* CreatePetitionViewController.swift in Sources */ = {isa = PBXBuildFile; fileRef = 888A18842ABFE73A00168377 /* CreatePetitionViewController.swift */; };
		888A18B12AC01A3800168377 /* CustomMenu.swift in Sources */ = {isa = PBXBuildFile; fileRef = 888A18B02AC01A3800168377 /* CustomMenu.swift */; };
		88A293692AC3A723007B4469 /* SnapKit in Frameworks */ = {isa = PBXBuildFile; productRef = 88A293682AC3A723007B4469 /* SnapKit */; };
		88A2936C2AC3A729007B4469 /* Then in Frameworks */ = {isa = PBXBuildFile; productRef = 88A2936B2AC3A729007B4469 /* Then */; };
		88A6CC892AC18A3600BF36C3 /* PetitionViewController.swift in Sources */ = {isa = PBXBuildFile; fileRef = 88A6CC882AC18A3600BF36C3 /* PetitionViewController.swift */; };
/* End PBXBuildFile section */

/* Begin PBXFileReference section */
		8803D3A42AC1CCF900B36C9E /* PetitionCell.swift */ = {isa = PBXFileReference; lastKnownFileType = sourcecode.swift; path = PetitionCell.swift; sourceTree = "<group>"; };
		880D922F2AC861DA0053D5A6 /* AuthAPI.swift */ = {isa = PBXFileReference; lastKnownFileType = sourcecode.swift; path = AuthAPI.swift; sourceTree = "<group>"; };
		880D92372AC864A10053D5A6 /* Header.swift */ = {isa = PBXFileReference; lastKnownFileType = sourcecode.swift; path = Header.swift; sourceTree = "<group>"; };
		880D923B2AC9B2500053D5A6 /* AuthResponse.swift */ = {isa = PBXFileReference; lastKnownFileType = sourcecode.swift; path = AuthResponse.swift; sourceTree = "<group>"; };
		880D92402AC9B3B40053D5A6 /* PetitionAPI.swift */ = {isa = PBXFileReference; lastKnownFileType = sourcecode.swift; path = PetitionAPI.swift; sourceTree = "<group>"; };
		882E63112AB5FA2700BFE332 /* SVAP_iOS.app */ = {isa = PBXFileReference; explicitFileType = wrapper.application; includeInIndex = 0; path = SVAP_iOS.app; sourceTree = BUILT_PRODUCTS_DIR; };
		882E63142AB5FA2700BFE332 /* AppDelegate.swift */ = {isa = PBXFileReference; lastKnownFileType = sourcecode.swift; path = AppDelegate.swift; sourceTree = "<group>"; };
		882E63162AB5FA2700BFE332 /* SceneDelegate.swift */ = {isa = PBXFileReference; lastKnownFileType = sourcecode.swift; path = SceneDelegate.swift; sourceTree = "<group>"; };
		882E631D2AB5FA2800BFE332 /* Assets.xcassets */ = {isa = PBXFileReference; lastKnownFileType = folder.assetcatalog; path = Assets.xcassets; sourceTree = "<group>"; };
		882E63222AB5FA2800BFE332 /* Info.plist */ = {isa = PBXFileReference; lastKnownFileType = text.plist.xml; path = Info.plist; sourceTree = "<group>"; };
		882E633D2AB5FC3B00BFE332 /* BaseVC.swift */ = {isa = PBXFileReference; lastKnownFileType = sourcecode.swift; path = BaseVC.swift; sourceTree = "<group>"; };
		882E633F2AB5FF7F00BFE332 /* LoginViewController.swift */ = {isa = PBXFileReference; lastKnownFileType = sourcecode.swift; path = LoginViewController.swift; sourceTree = "<group>"; };
		882E63432AB6048F00BFE332 /* StartViewController.swift */ = {isa = PBXFileReference; lastKnownFileType = sourcecode.swift; path = StartViewController.swift; sourceTree = "<group>"; };
		882E63462AB6054700BFE332 /* CustomButton.swift */ = {isa = PBXFileReference; lastKnownFileType = sourcecode.swift; path = CustomButton.swift; sourceTree = "<group>"; };
		882E63492AB606E000BFE332 /* IBMPlexSansKR-ExtraLight.ttf */ = {isa = PBXFileReference; lastKnownFileType = file; path = "IBMPlexSansKR-ExtraLight.ttf"; sourceTree = "<group>"; };
		882E634A2AB606E000BFE332 /* IBMPlexSansKR-Regular.ttf */ = {isa = PBXFileReference; lastKnownFileType = file; path = "IBMPlexSansKR-Regular.ttf"; sourceTree = "<group>"; };
		882E634B2AB606E000BFE332 /* IBMPlexSansKR-SemiBold.ttf */ = {isa = PBXFileReference; lastKnownFileType = file; path = "IBMPlexSansKR-SemiBold.ttf"; sourceTree = "<group>"; };
		882E634C2AB606E000BFE332 /* IBMPlexSansKR-Medium.ttf */ = {isa = PBXFileReference; lastKnownFileType = file; path = "IBMPlexSansKR-Medium.ttf"; sourceTree = "<group>"; };
		882E634D2AB606E000BFE332 /* OFL.txt */ = {isa = PBXFileReference; fileEncoding = 4; lastKnownFileType = text; path = OFL.txt; sourceTree = "<group>"; };
		882E634E2AB606E000BFE332 /* IBMPlexSansKR-Light.ttf */ = {isa = PBXFileReference; lastKnownFileType = file; path = "IBMPlexSansKR-Light.ttf"; sourceTree = "<group>"; };
		882E634F2AB606E000BFE332 /* IBMPlexSansKR-Thin.ttf */ = {isa = PBXFileReference; lastKnownFileType = file; path = "IBMPlexSansKR-Thin.ttf"; sourceTree = "<group>"; };
		882E63502AB606E000BFE332 /* IBMPlexSansKR-Bold.ttf */ = {isa = PBXFileReference; lastKnownFileType = file; path = "IBMPlexSansKR-Bold.ttf"; sourceTree = "<group>"; };
		882E63592AB6169A00BFE332 /* UserIdViewController.swift */ = {isa = PBXFileReference; lastKnownFileType = sourcecode.swift; path = UserIdViewController.swift; sourceTree = "<group>"; };
		882E635B2AB6172800BFE332 /* CustomTextField.swift */ = {isa = PBXFileReference; lastKnownFileType = sourcecode.swift; path = CustomTextField.swift; sourceTree = "<group>"; };
		882E63632AB69D2300BFE332 /* LabelButton.swift */ = {isa = PBXFileReference; lastKnownFileType = sourcecode.swift; path = LabelButton.swift; sourceTree = "<group>"; };
		882E63652AB7081000BFE332 /* UserPasswordViewController.swift */ = {isa = PBXFileReference; lastKnownFileType = sourcecode.swift; path = UserPasswordViewController.swift; sourceTree = "<group>"; };
		882E63672AB7098000BFE332 /* UserNameViewController.swift */ = {isa = PBXFileReference; lastKnownFileType = sourcecode.swift; path = UserNameViewController.swift; sourceTree = "<group>"; };
		882E63742AB7109000BFE332 /* MainViewController.swift */ = {isa = PBXFileReference; lastKnownFileType = sourcecode.swift; path = MainViewController.swift; sourceTree = "<group>"; };
		882E63762AB736F200BFE332 /* MainCell.swift */ = {isa = PBXFileReference; lastKnownFileType = sourcecode.swift; path = MainCell.swift; sourceTree = "<group>"; };
		882E63782AB7FBE900BFE332 /* FamousCell.swift */ = {isa = PBXFileReference; lastKnownFileType = sourcecode.swift; path = FamousCell.swift; sourceTree = "<group>"; };
		882E637A2AB7FC0600BFE332 /* ApprovedCell.swift */ = {isa = PBXFileReference; lastKnownFileType = sourcecode.swift; path = ApprovedCell.swift; sourceTree = "<group>"; };
		882E637C2AB8565600BFE332 /* PetitionButton.swift */ = {isa = PBXFileReference; lastKnownFileType = sourcecode.swift; path = PetitionButton.swift; sourceTree = "<group>"; };
		884A91352ACF7C8E00AE1E14 /* DetailPetitionViewController.swift */ = {isa = PBXFileReference; lastKnownFileType = sourcecode.swift; path = DetailPetitionViewController.swift; sourceTree = "<group>"; };
		884A91372ACFE5B300AE1E14 /* CustomTextView.swift */ = {isa = PBXFileReference; lastKnownFileType = sourcecode.swift; path = CustomTextView.swift; sourceTree = "<group>"; };
		884A913E2AD1548300AE1E14 /* SideMenuContentViewController.swift */ = {isa = PBXFileReference; lastKnownFileType = sourcecode.swift; path = SideMenuContentViewController.swift; sourceTree = "<group>"; };
		884A91442AD2745900AE1E14 /* UserInfo.swift */ = {isa = PBXFileReference; lastKnownFileType = sourcecode.swift; path = UserInfo.swift; sourceTree = "<group>"; };
		884A914C2AD2FE3600AE1E14 /* MoyaLoggerPlugin.swift */ = {isa = PBXFileReference; lastKnownFileType = sourcecode.swift; path = MoyaLoggerPlugin.swift; sourceTree = "<group>"; };
		884A91502AD30CD700AE1E14 /* UserPetitionResponse.swift */ = {isa = PBXFileReference; lastKnownFileType = sourcecode.swift; path = UserPetitionResponse.swift; sourceTree = "<group>"; };
		885A74932AC2ED4A00EC3F1A /* SearchTextField.swift */ = {isa = PBXFileReference; lastKnownFileType = sourcecode.swift; path = SearchTextField.swift; sourceTree = "<group>"; };
		885A74952AC2F6A200EC3F1A /* en */ = {isa = PBXFileReference; lastKnownFileType = file.storyboard; name = en; path = en.lproj/LaunchScreen.storyboard; sourceTree = "<group>"; };
		888A18842ABFE73A00168377 /* CreatePetitionViewController.swift */ = {isa = PBXFileReference; lastKnownFileType = sourcecode.swift; path = CreatePetitionViewController.swift; sourceTree = "<group>"; };
		888A18B02AC01A3800168377 /* CustomMenu.swift */ = {isa = PBXFileReference; lastKnownFileType = sourcecode.swift; path = CustomMenu.swift; sourceTree = "<group>"; };
		88A293722AC3A857007B4469 /* libz.tbd */ = {isa = PBXFileReference; lastKnownFileType = "sourcecode.text-based-dylib-definition"; name = libz.tbd; path = usr/lib/libz.tbd; sourceTree = SDKROOT; };
		88A6CC882AC18A3600BF36C3 /* PetitionViewController.swift */ = {isa = PBXFileReference; lastKnownFileType = sourcecode.swift; path = PetitionViewController.swift; sourceTree = "<group>"; };
/* End PBXFileReference section */

/* Begin PBXFrameworksBuildPhase section */
		882E630E2AB5FA2700BFE332 /* Frameworks */ = {
			isa = PBXFrameworksBuildPhase;
			buildActionMask = 2147483647;
			files = (
				88A293692AC3A723007B4469 /* SnapKit in Frameworks */,
				88A2936C2AC3A729007B4469 /* Then in Frameworks */,
				880D92342AC864530053D5A6 /* SwiftKeychainWrapper in Frameworks */,
				884A91422AD19FF000AE1E14 /* SideMenu in Frameworks */,
				880D92282AC860F70053D5A6 /* Moya in Frameworks */,
			);
			runOnlyForDeploymentPostprocessing = 0;
		};
/* End PBXFrameworksBuildPhase section */

/* Begin PBXGroup section */
		8803D3A12AC1CCD400B36C9E /* Main */ = {
			isa = PBXGroup;
			children = (
				882E63762AB736F200BFE332 /* MainCell.swift */,
				882E637A2AB7FC0600BFE332 /* ApprovedCell.swift */,
				882E63782AB7FBE900BFE332 /* FamousCell.swift */,
			);
			path = Main;
			sourceTree = "<group>";
		};
		8803D3A32AC1CCE200B36C9E /* Petition */ = {
			isa = PBXGroup;
			children = (
				8803D3A42AC1CCF900B36C9E /* PetitionCell.swift */,
			);
			path = Petition;
			sourceTree = "<group>";
		};
		880D92292AC861590053D5A6 /* Service */ = {
			isa = PBXGroup;
			children = (
				884A914B2AD2FE2400AE1E14 /* Plugin */,
				880D92312AC864460053D5A6 /* Header */,
				880D922A2AC8616B0053D5A6 /* Auth */,
				880D923D2AC9B3380053D5A6 /* Petition */,
			);
			path = Service;
			sourceTree = "<group>";
		};
		880D922A2AC8616B0053D5A6 /* Auth */ = {
			isa = PBXGroup;
			children = (
				884A91432AD2744600AE1E14 /* User */,
				880D92392AC9B23F0053D5A6 /* API */,
				880D923A2AC9B2410053D5A6 /* Response */,
			);
			path = Auth;
			sourceTree = "<group>";
		};
		880D92312AC864460053D5A6 /* Header */ = {
			isa = PBXGroup;
			children = (
				880D92372AC864A10053D5A6 /* Header.swift */,
			);
			path = Header;
			sourceTree = "<group>";
		};
		880D92392AC9B23F0053D5A6 /* API */ = {
			isa = PBXGroup;
			children = (
				880D922F2AC861DA0053D5A6 /* AuthAPI.swift */,
			);
			path = API;
			sourceTree = "<group>";
		};
		880D923A2AC9B2410053D5A6 /* Response */ = {
			isa = PBXGroup;
			children = (
				884A914E2AD30CBC00AE1E14 /* Auth */,
				884A914F2AD30CC000AE1E14 /* UserPetition */,
			);
			path = Response;
			sourceTree = "<group>";
		};
		880D923D2AC9B3380053D5A6 /* Petition */ = {
			isa = PBXGroup;
			children = (
				880D923E2AC9B3A40053D5A6 /* API */,
				880D923F2AC9B3A70053D5A6 /* Response */,
			);
			path = Petition;
			sourceTree = "<group>";
		};
		880D923E2AC9B3A40053D5A6 /* API */ = {
			isa = PBXGroup;
			children = (
				880D92402AC9B3B40053D5A6 /* PetitionAPI.swift */,
			);
			path = API;
			sourceTree = "<group>";
		};
		880D923F2AC9B3A70053D5A6 /* Response */ = {
			isa = PBXGroup;
			children = (
			);
			path = Response;
			sourceTree = "<group>";
		};
		882E63082AB5FA2700BFE332 = {
			isa = PBXGroup;
			children = (
				882E63132AB5FA2700BFE332 /* SVAP_iOS */,
				882E63122AB5FA2700BFE332 /* Products */,
				88A293712AC3A857007B4469 /* Frameworks */,
			);
			sourceTree = "<group>";
		};
		882E63122AB5FA2700BFE332 /* Products */ = {
			isa = PBXGroup;
			children = (
				882E63112AB5FA2700BFE332 /* SVAP_iOS.app */,
			);
			name = Products;
			sourceTree = "<group>";
		};
		882E63132AB5FA2700BFE332 /* SVAP_iOS */ = {
			isa = PBXGroup;
			children = (
				882E63342AB5FB0800BFE332 /* Resources */,
				882E63352AB5FB4300BFE332 /* Sources */,
				882E63222AB5FA2800BFE332 /* Info.plist */,
			);
			path = SVAP_iOS;
			sourceTree = "<group>";
		};
		882E63342AB5FB0800BFE332 /* Resources */ = {
			isa = PBXGroup;
			children = (
				882E63482AB606E000BFE332 /* IBM_Plex_Sans_KR */,
				882E631D2AB5FA2800BFE332 /* Assets.xcassets */,
				882E631F2AB5FA2800BFE332 /* LaunchScreen.storyboard */,
			);
			path = Resources;
			sourceTree = "<group>";
		};
		882E63352AB5FB4300BFE332 /* Sources */ = {
			isa = PBXGroup;
			children = (
				88A293732AC47B29007B4469 /* Application */,
				880D92292AC861590053D5A6 /* Service */,
				882E63452AB604DF00BFE332 /* Component */,
				882E633B2AB5FC1400BFE332 /* Base */,
				884A91462AD2B07B00AE1E14 /* Scene */,
			);
			path = Sources;
			sourceTree = "<group>";
		};
		882E63362AB5FB5600BFE332 /* Auth */ = {
			isa = PBXGroup;
			children = (
				882E63372AB5FB5B00BFE332 /* Login */,
				882E63382AB5FB5F00BFE332 /* Signup */,
			);
			path = Auth;
			sourceTree = "<group>";
		};
		882E63372AB5FB5B00BFE332 /* Login */ = {
			isa = PBXGroup;
			children = (
				882E633F2AB5FF7F00BFE332 /* LoginViewController.swift */,
			);
			path = Login;
			sourceTree = "<group>";
		};
		882E63382AB5FB5F00BFE332 /* Signup */ = {
			isa = PBXGroup;
			children = (
				882E63592AB6169A00BFE332 /* UserIdViewController.swift */,
				882E63652AB7081000BFE332 /* UserPasswordViewController.swift */,
				882E63672AB7098000BFE332 /* UserNameViewController.swift */,
			);
			path = Signup;
			sourceTree = "<group>";
		};
		882E633B2AB5FC1400BFE332 /* Base */ = {
			isa = PBXGroup;
			children = (
				882E633D2AB5FC3B00BFE332 /* BaseVC.swift */,
			);
			path = Base;
			sourceTree = "<group>";
		};
		882E63422AB6048100BFE332 /* Start */ = {
			isa = PBXGroup;
			children = (
				882E63432AB6048F00BFE332 /* StartViewController.swift */,
			);
			path = Start;
			sourceTree = "<group>";
		};
		882E63452AB604DF00BFE332 /* Component */ = {
			isa = PBXGroup;
			children = (
				882E63462AB6054700BFE332 /* CustomButton.swift */,
				882E635B2AB6172800BFE332 /* CustomTextField.swift */,
				882E63632AB69D2300BFE332 /* LabelButton.swift */,
				882E637C2AB8565600BFE332 /* PetitionButton.swift */,
				888A18B02AC01A3800168377 /* CustomMenu.swift */,
				885A74932AC2ED4A00EC3F1A /* SearchTextField.swift */,
				884A91372ACFE5B300AE1E14 /* CustomTextView.swift */,
				884A913E2AD1548300AE1E14 /* SideMenuContentViewController.swift */,
			);
			path = Component;
			sourceTree = "<group>";
		};
		882E63482AB606E000BFE332 /* IBM_Plex_Sans_KR */ = {
			isa = PBXGroup;
			children = (
				882E63492AB606E000BFE332 /* IBMPlexSansKR-ExtraLight.ttf */,
				882E634A2AB606E000BFE332 /* IBMPlexSansKR-Regular.ttf */,
				882E634B2AB606E000BFE332 /* IBMPlexSansKR-SemiBold.ttf */,
				882E634C2AB606E000BFE332 /* IBMPlexSansKR-Medium.ttf */,
				882E634D2AB606E000BFE332 /* OFL.txt */,
				882E634E2AB606E000BFE332 /* IBMPlexSansKR-Light.ttf */,
				882E634F2AB606E000BFE332 /* IBMPlexSansKR-Thin.ttf */,
				882E63502AB606E000BFE332 /* IBMPlexSansKR-Bold.ttf */,
			);
			path = IBM_Plex_Sans_KR;
			sourceTree = "<group>";
		};
		882E63732AB7107C00BFE332 /* Main */ = {
			isa = PBXGroup;
			children = (
				882E63742AB7109000BFE332 /* MainViewController.swift */,
				888A18832ABFE72D00168377 /* Petition */,
				888A18822ABFE72500168377 /* Cell */,
			);
			path = Main;
			sourceTree = "<group>";
		};
		884A91432AD2744600AE1E14 /* User */ = {
			isa = PBXGroup;
			children = (
				884A91442AD2745900AE1E14 /* UserInfo.swift */,
			);
			path = User;
			sourceTree = "<group>";
		};
		884A91462AD2B07B00AE1E14 /* Scene */ = {
			isa = PBXGroup;
			children = (
				882E63422AB6048100BFE332 /* Start */,
				882E63362AB5FB5600BFE332 /* Auth */,
				882E63732AB7107C00BFE332 /* Main */,
			);
			path = Scene;
			sourceTree = "<group>";
		};
		884A914B2AD2FE2400AE1E14 /* Plugin */ = {
			isa = PBXGroup;
			children = (
				884A914C2AD2FE3600AE1E14 /* MoyaLoggerPlugin.swift */,
			);
			path = Plugin;
			sourceTree = "<group>";
		};
		884A914E2AD30CBC00AE1E14 /* Auth */ = {
			isa = PBXGroup;
			children = (
				880D923B2AC9B2500053D5A6 /* AuthResponse.swift */,
			);
			path = Auth;
			sourceTree = "<group>";
		};
		884A914F2AD30CC000AE1E14 /* UserPetition */ = {
			isa = PBXGroup;
			children = (
				884A91502AD30CD700AE1E14 /* UserPetitionResponse.swift */,
			);
			path = UserPetition;
			sourceTree = "<group>";
		};
		888A18822ABFE72500168377 /* Cell */ = {
			isa = PBXGroup;
			children = (
				8803D3A32AC1CCE200B36C9E /* Petition */,
				8803D3A12AC1CCD400B36C9E /* Main */,
			);
			path = Cell;
			sourceTree = "<group>";
		};
		888A18832ABFE72D00168377 /* Petition */ = {
			isa = PBXGroup;
			children = (
				888A18842ABFE73A00168377 /* CreatePetitionViewController.swift */,
				88A6CC882AC18A3600BF36C3 /* PetitionViewController.swift */,
				884A91352ACF7C8E00AE1E14 /* DetailPetitionViewController.swift */,
			);
			path = Petition;
			sourceTree = "<group>";
		};
		88A293712AC3A857007B4469 /* Frameworks */ = {
			isa = PBXGroup;
			children = (
				88A293722AC3A857007B4469 /* libz.tbd */,
			);
			name = Frameworks;
			sourceTree = "<group>";
		};
		88A293732AC47B29007B4469 /* Application */ = {
			isa = PBXGroup;
			children = (
				882E63142AB5FA2700BFE332 /* AppDelegate.swift */,
				882E63162AB5FA2700BFE332 /* SceneDelegate.swift */,
			);
			path = Application;
			sourceTree = "<group>";
		};
/* End PBXGroup section */

/* Begin PBXNativeTarget section */
		882E63102AB5FA2700BFE332 /* SVAP_iOS */ = {
			isa = PBXNativeTarget;
			buildConfigurationList = 882E63252AB5FA2800BFE332 /* Build configuration list for PBXNativeTarget "SVAP_iOS" */;
			buildPhases = (
				882E630D2AB5FA2700BFE332 /* Sources */,
				882E630E2AB5FA2700BFE332 /* Frameworks */,
				882E630F2AB5FA2700BFE332 /* Resources */,
			);
			buildRules = (
			);
			dependencies = (
			);
			name = SVAP_iOS;
			packageProductDependencies = (
				88A293682AC3A723007B4469 /* SnapKit */,
				88A2936B2AC3A729007B4469 /* Then */,
				880D92272AC860F70053D5A6 /* Moya */,
				880D92332AC864530053D5A6 /* SwiftKeychainWrapper */,
				884A91412AD19FF000AE1E14 /* SideMenu */,
			);
			productName = SVAP_iOS;
			productReference = 882E63112AB5FA2700BFE332 /* SVAP_iOS.app */;
			productType = "com.apple.product-type.application";
		};
/* End PBXNativeTarget section */

/* Begin PBXProject section */
		882E63092AB5FA2700BFE332 /* Project object */ = {
			isa = PBXProject;
			attributes = {
				BuildIndependentTargetsInParallel = 1;
				LastSwiftUpdateCheck = 1430;
				LastUpgradeCheck = 1500;
				TargetAttributes = {
					882E63102AB5FA2700BFE332 = {
						CreatedOnToolsVersion = 14.3.1;
					};
				};
			};
			buildConfigurationList = 882E630C2AB5FA2700BFE332 /* Build configuration list for PBXProject "SVAP_iOS" */;
			compatibilityVersion = "Xcode 14.0";
			developmentRegion = en;
			hasScannedForEncodings = 0;
			knownRegions = (
				en,
			);
			mainGroup = 882E63082AB5FA2700BFE332;
			packageReferences = (
				88A293672AC3A723007B4469 /* XCRemoteSwiftPackageReference "SnapKit" */,
				88A2936A2AC3A729007B4469 /* XCRemoteSwiftPackageReference "Then" */,
				880D92262AC860F70053D5A6 /* XCRemoteSwiftPackageReference "Moya" */,
				880D92322AC864530053D5A6 /* XCRemoteSwiftPackageReference "SwiftKeychainWrapper" */,
				884A91402AD19FF000AE1E14 /* XCRemoteSwiftPackageReference "SideMenu" */,
			);
			productRefGroup = 882E63122AB5FA2700BFE332 /* Products */;
			projectDirPath = "";
			projectRoot = "";
			targets = (
				882E63102AB5FA2700BFE332 /* SVAP_iOS */,
			);
		};
/* End PBXProject section */

/* Begin PBXResourcesBuildPhase section */
		882E630F2AB5FA2700BFE332 /* Resources */ = {
			isa = PBXResourcesBuildPhase;
			buildActionMask = 2147483647;
			files = (
				882E63552AB606E000BFE332 /* OFL.txt in Resources */,
				882E63212AB5FA2800BFE332 /* LaunchScreen.storyboard in Resources */,
				882E63512AB606E000BFE332 /* IBMPlexSansKR-ExtraLight.ttf in Resources */,
				882E63572AB606E000BFE332 /* IBMPlexSansKR-Thin.ttf in Resources */,
				882E63562AB606E000BFE332 /* IBMPlexSansKR-Light.ttf in Resources */,
				882E631E2AB5FA2800BFE332 /* Assets.xcassets in Resources */,
				882E63542AB606E000BFE332 /* IBMPlexSansKR-Medium.ttf in Resources */,
				882E63582AB606E000BFE332 /* IBMPlexSansKR-Bold.ttf in Resources */,
				882E63522AB606E000BFE332 /* IBMPlexSansKR-Regular.ttf in Resources */,
				882E63532AB606E000BFE332 /* IBMPlexSansKR-SemiBold.ttf in Resources */,
			);
			runOnlyForDeploymentPostprocessing = 0;
		};
/* End PBXResourcesBuildPhase section */

/* Begin PBXSourcesBuildPhase section */
		882E630D2AB5FA2700BFE332 /* Sources */ = {
			isa = PBXSourcesBuildPhase;
			buildActionMask = 2147483647;
			files = (
				888A18852ABFE73A00168377 /* CreatePetitionViewController.swift in Sources */,
				882E637B2AB7FC0600BFE332 /* ApprovedCell.swift in Sources */,
				884A91362ACF7C8E00AE1E14 /* DetailPetitionViewController.swift in Sources */,
				882E63442AB6048F00BFE332 /* StartViewController.swift in Sources */,
				880D923C2AC9B2500053D5A6 /* AuthResponse.swift in Sources */,
				880D92302AC861DA0053D5A6 /* AuthAPI.swift in Sources */,
				882E63402AB5FF8000BFE332 /* LoginViewController.swift in Sources */,
				884A91452AD2745900AE1E14 /* UserInfo.swift in Sources */,
				882E63472AB6054700BFE332 /* CustomButton.swift in Sources */,
				882E63152AB5FA2700BFE332 /* AppDelegate.swift in Sources */,
				882E637D2AB8565600BFE332 /* PetitionButton.swift in Sources */,
				884A913F2AD1548300AE1E14 /* SideMenuContentViewController.swift in Sources */,
				885A74942AC2ED4A00EC3F1A /* SearchTextField.swift in Sources */,
				882E635C2AB6172800BFE332 /* CustomTextField.swift in Sources */,
				882E633E2AB5FC3B00BFE332 /* BaseVC.swift in Sources */,
				882E63772AB736F200BFE332 /* MainCell.swift in Sources */,
				882E63662AB7081000BFE332 /* UserPasswordViewController.swift in Sources */,
				882E63642AB69D2300BFE332 /* LabelButton.swift in Sources */,
				882E63792AB7FBE900BFE332 /* FamousCell.swift in Sources */,
				884A91382ACFE5B300AE1E14 /* CustomTextView.swift in Sources */,
				880D92382AC864A10053D5A6 /* Header.swift in Sources */,
				882E63172AB5FA2700BFE332 /* SceneDelegate.swift in Sources */,
				884A914D2AD2FE3600AE1E14 /* MoyaLoggerPlugin.swift in Sources */,
				882E635A2AB6169A00BFE332 /* UserIdViewController.swift in Sources */,
				880D92412AC9B3B40053D5A6 /* PetitionAPI.swift in Sources */,
				888A18B12AC01A3800168377 /* CustomMenu.swift in Sources */,
				882E63752AB7109000BFE332 /* MainViewController.swift in Sources */,
				8803D3A52AC1CCF900B36C9E /* PetitionCell.swift in Sources */,
				884A91512AD30CD700AE1E14 /* UserPetitionResponse.swift in Sources */,
				88A6CC892AC18A3600BF36C3 /* PetitionViewController.swift in Sources */,
				882E63682AB7098000BFE332 /* UserNameViewController.swift in Sources */,
			);
			runOnlyForDeploymentPostprocessing = 0;
		};
/* End PBXSourcesBuildPhase section */

/* Begin PBXVariantGroup section */
		882E631F2AB5FA2800BFE332 /* LaunchScreen.storyboard */ = {
			isa = PBXVariantGroup;
			children = (
				885A74952AC2F6A200EC3F1A /* en */,
			);
			name = LaunchScreen.storyboard;
			sourceTree = "<group>";
		};
/* End PBXVariantGroup section */

/* Begin XCBuildConfiguration section */
		882E63232AB5FA2800BFE332 /* Debug */ = {
			isa = XCBuildConfiguration;
			buildSettings = {
				ALWAYS_SEARCH_USER_PATHS = NO;
				CLANG_ANALYZER_NONNULL = YES;
				CLANG_ANALYZER_NUMBER_OBJECT_CONVERSION = YES_AGGRESSIVE;
				CLANG_CXX_LANGUAGE_STANDARD = "gnu++20";
				CLANG_ENABLE_MODULES = YES;
				CLANG_ENABLE_OBJC_ARC = YES;
				CLANG_ENABLE_OBJC_WEAK = YES;
				CLANG_WARN_BLOCK_CAPTURE_AUTORELEASING = YES;
				CLANG_WARN_BOOL_CONVERSION = YES;
				CLANG_WARN_COMMA = YES;
				CLANG_WARN_CONSTANT_CONVERSION = YES;
				CLANG_WARN_DEPRECATED_OBJC_IMPLEMENTATIONS = YES;
				CLANG_WARN_DIRECT_OBJC_ISA_USAGE = YES_ERROR;
				CLANG_WARN_DOCUMENTATION_COMMENTS = YES;
				CLANG_WARN_EMPTY_BODY = YES;
				CLANG_WARN_ENUM_CONVERSION = YES;
				CLANG_WARN_INFINITE_RECURSION = YES;
				CLANG_WARN_INT_CONVERSION = YES;
				CLANG_WARN_NON_LITERAL_NULL_CONVERSION = YES;
				CLANG_WARN_OBJC_IMPLICIT_RETAIN_SELF = YES;
				CLANG_WARN_OBJC_LITERAL_CONVERSION = YES;
				CLANG_WARN_OBJC_ROOT_CLASS = YES_ERROR;
				CLANG_WARN_QUOTED_INCLUDE_IN_FRAMEWORK_HEADER = YES;
				CLANG_WARN_RANGE_LOOP_ANALYSIS = YES;
				CLANG_WARN_STRICT_PROTOTYPES = YES;
				CLANG_WARN_SUSPICIOUS_MOVE = YES;
				CLANG_WARN_UNGUARDED_AVAILABILITY = YES_AGGRESSIVE;
				CLANG_WARN_UNREACHABLE_CODE = YES;
				CLANG_WARN__DUPLICATE_METHOD_MATCH = YES;
				COPY_PHASE_STRIP = NO;
				DEBUG_INFORMATION_FORMAT = dwarf;
				ENABLE_STRICT_OBJC_MSGSEND = YES;
				ENABLE_TESTABILITY = YES;
				ENABLE_USER_SCRIPT_SANDBOXING = YES;
				GCC_C_LANGUAGE_STANDARD = gnu11;
				GCC_DYNAMIC_NO_PIC = NO;
				GCC_NO_COMMON_BLOCKS = YES;
				GCC_OPTIMIZATION_LEVEL = 0;
				GCC_PREPROCESSOR_DEFINITIONS = (
					"DEBUG=1",
					"$(inherited)",
				);
				GCC_WARN_64_TO_32_BIT_CONVERSION = YES;
				GCC_WARN_ABOUT_RETURN_TYPE = YES_ERROR;
				GCC_WARN_UNDECLARED_SELECTOR = YES;
				GCC_WARN_UNINITIALIZED_AUTOS = YES_AGGRESSIVE;
				GCC_WARN_UNUSED_FUNCTION = YES;
				GCC_WARN_UNUSED_VARIABLE = YES;
				IPHONEOS_DEPLOYMENT_TARGET = 15.6;
				MTL_ENABLE_DEBUG_INFO = INCLUDE_SOURCE;
				MTL_FAST_MATH = YES;
				ONLY_ACTIVE_ARCH = YES;
				SDKROOT = iphoneos;
				SWIFT_ACTIVE_COMPILATION_CONDITIONS = DEBUG;
				SWIFT_OPTIMIZATION_LEVEL = "-Onone";
			};
			name = Debug;
		};
		882E63242AB5FA2800BFE332 /* Release */ = {
			isa = XCBuildConfiguration;
			buildSettings = {
				ALWAYS_SEARCH_USER_PATHS = NO;
				CLANG_ANALYZER_NONNULL = YES;
				CLANG_ANALYZER_NUMBER_OBJECT_CONVERSION = YES_AGGRESSIVE;
				CLANG_CXX_LANGUAGE_STANDARD = "gnu++20";
				CLANG_ENABLE_MODULES = YES;
				CLANG_ENABLE_OBJC_ARC = YES;
				CLANG_ENABLE_OBJC_WEAK = YES;
				CLANG_WARN_BLOCK_CAPTURE_AUTORELEASING = YES;
				CLANG_WARN_BOOL_CONVERSION = YES;
				CLANG_WARN_COMMA = YES;
				CLANG_WARN_CONSTANT_CONVERSION = YES;
				CLANG_WARN_DEPRECATED_OBJC_IMPLEMENTATIONS = YES;
				CLANG_WARN_DIRECT_OBJC_ISA_USAGE = YES_ERROR;
				CLANG_WARN_DOCUMENTATION_COMMENTS = YES;
				CLANG_WARN_EMPTY_BODY = YES;
				CLANG_WARN_ENUM_CONVERSION = YES;
				CLANG_WARN_INFINITE_RECURSION = YES;
				CLANG_WARN_INT_CONVERSION = YES;
				CLANG_WARN_NON_LITERAL_NULL_CONVERSION = YES;
				CLANG_WARN_OBJC_IMPLICIT_RETAIN_SELF = YES;
				CLANG_WARN_OBJC_LITERAL_CONVERSION = YES;
				CLANG_WARN_OBJC_ROOT_CLASS = YES_ERROR;
				CLANG_WARN_QUOTED_INCLUDE_IN_FRAMEWORK_HEADER = YES;
				CLANG_WARN_RANGE_LOOP_ANALYSIS = YES;
				CLANG_WARN_STRICT_PROTOTYPES = YES;
				CLANG_WARN_SUSPICIOUS_MOVE = YES;
				CLANG_WARN_UNGUARDED_AVAILABILITY = YES_AGGRESSIVE;
				CLANG_WARN_UNREACHABLE_CODE = YES;
				CLANG_WARN__DUPLICATE_METHOD_MATCH = YES;
				COPY_PHASE_STRIP = NO;
				DEBUG_INFORMATION_FORMAT = "dwarf-with-dsym";
				ENABLE_NS_ASSERTIONS = NO;
				ENABLE_STRICT_OBJC_MSGSEND = YES;
				ENABLE_USER_SCRIPT_SANDBOXING = YES;
				GCC_C_LANGUAGE_STANDARD = gnu11;
				GCC_NO_COMMON_BLOCKS = YES;
				GCC_WARN_64_TO_32_BIT_CONVERSION = YES;
				GCC_WARN_ABOUT_RETURN_TYPE = YES_ERROR;
				GCC_WARN_UNDECLARED_SELECTOR = YES;
				GCC_WARN_UNINITIALIZED_AUTOS = YES_AGGRESSIVE;
				GCC_WARN_UNUSED_FUNCTION = YES;
				GCC_WARN_UNUSED_VARIABLE = YES;
				IPHONEOS_DEPLOYMENT_TARGET = 15.6;
				MTL_ENABLE_DEBUG_INFO = NO;
				MTL_FAST_MATH = YES;
				SDKROOT = iphoneos;
				SWIFT_COMPILATION_MODE = wholemodule;
				SWIFT_OPTIMIZATION_LEVEL = "-O";
				VALIDATE_PRODUCT = YES;
			};
			name = Release;
		};
		882E63262AB5FA2800BFE332 /* Debug */ = {
			isa = XCBuildConfiguration;
			buildSettings = {
				ASSETCATALOG_COMPILER_APPICON_NAME = AppIcon;
				ASSETCATALOG_COMPILER_GLOBAL_ACCENT_COLOR_NAME = AccentColor;
				CODE_SIGN_STYLE = Automatic;
				CURRENT_PROJECT_VERSION = 1;
				DEVELOPMENT_TEAM = 8836BP5ACL;
				GENERATE_INFOPLIST_FILE = YES;
				INFOPLIST_FILE = SVAP_iOS/Info.plist;
				INFOPLIST_KEY_UIApplicationSupportsIndirectInputEvents = YES;
				INFOPLIST_KEY_UILaunchStoryboardName = LaunchScreen;
				INFOPLIST_KEY_UISupportedInterfaceOrientations_iPad = "UIInterfaceOrientationPortrait UIInterfaceOrientationPortraitUpsideDown UIInterfaceOrientationLandscapeLeft UIInterfaceOrientationLandscapeRight";
				INFOPLIST_KEY_UISupportedInterfaceOrientations_iPhone = "UIInterfaceOrientationPortrait UIInterfaceOrientationLandscapeLeft UIInterfaceOrientationLandscapeRight";
				LD_RUNPATH_SEARCH_PATHS = (
					"$(inherited)",
					"@executable_path/Frameworks",
				);
				MARKETING_VERSION = 1.0;
				PRODUCT_BUNDLE_IDENTIFIER = "com.SVAP.SVAP-iOS";
				PRODUCT_NAME = "$(TARGET_NAME)";
				SWIFT_EMIT_LOC_STRINGS = YES;
				SWIFT_VERSION = 5.0;
				TARGETED_DEVICE_FAMILY = "1,2";
			};
			name = Debug;
		};
		882E63272AB5FA2800BFE332 /* Release */ = {
			isa = XCBuildConfiguration;
			buildSettings = {
				ASSETCATALOG_COMPILER_APPICON_NAME = AppIcon;
				ASSETCATALOG_COMPILER_GLOBAL_ACCENT_COLOR_NAME = AccentColor;
				CODE_SIGN_STYLE = Automatic;
				CURRENT_PROJECT_VERSION = 1;
				DEVELOPMENT_TEAM = 8836BP5ACL;
				GENERATE_INFOPLIST_FILE = YES;
				INFOPLIST_FILE = SVAP_iOS/Info.plist;
				INFOPLIST_KEY_UIApplicationSupportsIndirectInputEvents = YES;
				INFOPLIST_KEY_UILaunchStoryboardName = LaunchScreen;
				INFOPLIST_KEY_UISupportedInterfaceOrientations_iPad = "UIInterfaceOrientationPortrait UIInterfaceOrientationPortraitUpsideDown UIInterfaceOrientationLandscapeLeft UIInterfaceOrientationLandscapeRight";
				INFOPLIST_KEY_UISupportedInterfaceOrientations_iPhone = "UIInterfaceOrientationPortrait UIInterfaceOrientationLandscapeLeft UIInterfaceOrientationLandscapeRight";
				LD_RUNPATH_SEARCH_PATHS = (
					"$(inherited)",
					"@executable_path/Frameworks",
				);
				MARKETING_VERSION = 1.0;
				PRODUCT_BUNDLE_IDENTIFIER = "com.SVAP.SVAP-iOS";
				PRODUCT_NAME = "$(TARGET_NAME)";
				SWIFT_EMIT_LOC_STRINGS = YES;
				SWIFT_VERSION = 5.0;
				TARGETED_DEVICE_FAMILY = "1,2";
			};
			name = Release;
		};
/* End XCBuildConfiguration section */

/* Begin XCConfigurationList section */
		882E630C2AB5FA2700BFE332 /* Build configuration list for PBXProject "SVAP_iOS" */ = {
			isa = XCConfigurationList;
			buildConfigurations = (
				882E63232AB5FA2800BFE332 /* Debug */,
				882E63242AB5FA2800BFE332 /* Release */,
			);
			defaultConfigurationIsVisible = 0;
			defaultConfigurationName = Release;
		};
		882E63252AB5FA2800BFE332 /* Build configuration list for PBXNativeTarget "SVAP_iOS" */ = {
			isa = XCConfigurationList;
			buildConfigurations = (
				882E63262AB5FA2800BFE332 /* Debug */,
				882E63272AB5FA2800BFE332 /* Release */,
			);
			defaultConfigurationIsVisible = 0;
			defaultConfigurationName = Release;
		};
/* End XCConfigurationList section */

/* Begin XCRemoteSwiftPackageReference section */
		880D92262AC860F70053D5A6 /* XCRemoteSwiftPackageReference "Moya" */ = {
			isa = XCRemoteSwiftPackageReference;
			repositoryURL = "https://github.com/Moya/Moya.git";
			requirement = {
				kind = upToNextMajorVersion;
				minimumVersion = 15.0.3;
			};
		};
		880D92322AC864530053D5A6 /* XCRemoteSwiftPackageReference "SwiftKeychainWrapper" */ = {
			isa = XCRemoteSwiftPackageReference;
			repositoryURL = "https://github.com/jrendel/SwiftKeychainWrapper";
			requirement = {
				kind = upToNextMajorVersion;
				minimumVersion = 4.0.1;
			};
		};
		884A91402AD19FF000AE1E14 /* XCRemoteSwiftPackageReference "SideMenu" */ = {
			isa = XCRemoteSwiftPackageReference;
			repositoryURL = "https://github.com/jonkykong/SideMenu.git";
			requirement = {
				kind = upToNextMajorVersion;
				minimumVersion = 6.5.0;
			};
		};
		88A293672AC3A723007B4469 /* XCRemoteSwiftPackageReference "SnapKit" */ = {
			isa = XCRemoteSwiftPackageReference;
			repositoryURL = "https://github.com/SnapKit/SnapKit.git";
			requirement = {
				kind = upToNextMajorVersion;
				minimumVersion = 5.6.0;
			};
		};
		88A2936A2AC3A729007B4469 /* XCRemoteSwiftPackageReference "Then" */ = {
			isa = XCRemoteSwiftPackageReference;
			repositoryURL = "https://github.com/devxoul/Then";
			requirement = {
				kind = upToNextMajorVersion;
				minimumVersion = 3.0.0;
			};
		};
/* End XCRemoteSwiftPackageReference section */

/* Begin XCSwiftPackageProductDependency section */
		880D92272AC860F70053D5A6 /* Moya */ = {
			isa = XCSwiftPackageProductDependency;
			package = 880D92262AC860F70053D5A6 /* XCRemoteSwiftPackageReference "Moya" */;
			productName = Moya;
		};
		880D92332AC864530053D5A6 /* SwiftKeychainWrapper */ = {
			isa = XCSwiftPackageProductDependency;
			package = 880D92322AC864530053D5A6 /* XCRemoteSwiftPackageReference "SwiftKeychainWrapper" */;
			productName = SwiftKeychainWrapper;
		};
		884A91412AD19FF000AE1E14 /* SideMenu */ = {
			isa = XCSwiftPackageProductDependency;
			package = 884A91402AD19FF000AE1E14 /* XCRemoteSwiftPackageReference "SideMenu" */;
			productName = SideMenu;
		};
		88A293682AC3A723007B4469 /* SnapKit */ = {
			isa = XCSwiftPackageProductDependency;
			package = 88A293672AC3A723007B4469 /* XCRemoteSwiftPackageReference "SnapKit" */;
			productName = SnapKit;
		};
		88A2936B2AC3A729007B4469 /* Then */ = {
			isa = XCSwiftPackageProductDependency;
			package = 88A2936A2AC3A729007B4469 /* XCRemoteSwiftPackageReference "Then" */;
			productName = Then;
		};
/* End XCSwiftPackageProductDependency section */
	};
	rootObject = 882E63092AB5FA2700BFE332 /* Project object */;
}
