// !$*UTF8*$!
{
	archiveVersion = 1;
	classes = {
	};
	objectVersion = 56;
	objects = {

/* Begin PBXBuildFile section */
		8802D4B42AF24812000E907E /* ImageModel.swift in Sources */ = {isa = PBXBuildFile; fileRef = 8802D4B32AF24812000E907E /* ImageModel.swift */; };
		880D92282AC860F70053D5A6 /* Moya in Frameworks */ = {isa = PBXBuildFile; productRef = 880D92272AC860F70053D5A6 /* Moya */; };
		880D92302AC861DA0053D5A6 /* AuthAPI.swift in Sources */ = {isa = PBXBuildFile; fileRef = 880D922F2AC861DA0053D5A6 /* AuthAPI.swift */; };
		880D92342AC864530053D5A6 /* SwiftKeychainWrapper in Frameworks */ = {isa = PBXBuildFile; productRef = 880D92332AC864530053D5A6 /* SwiftKeychainWrapper */; };
		880D92382AC864A10053D5A6 /* Header.swift in Sources */ = {isa = PBXBuildFile; fileRef = 880D92372AC864A10053D5A6 /* Header.swift */; };
		880D923C2AC9B2500053D5A6 /* AuthModel.swift in Sources */ = {isa = PBXBuildFile; fileRef = 880D923B2AC9B2500053D5A6 /* AuthModel.swift */; };
		880D92412AC9B3B40053D5A6 /* PetitionAPI.swift in Sources */ = {isa = PBXBuildFile; fileRef = 880D92402AC9B3B40053D5A6 /* PetitionAPI.swift */; };
		88152F682AE8EA85002CB48D /* PetitionViewModel.swift in Sources */ = {isa = PBXBuildFile; fileRef = 88152F672AE8EA85002CB48D /* PetitionViewModel.swift */; };
		88152F6E2AEA98C1002CB48D /* PetitionCreateViewModel.swift in Sources */ = {isa = PBXBuildFile; fileRef = 88152F6D2AEA98C1002CB48D /* PetitionCreateViewModel.swift */; };
		88152F842AED3903002CB48D /* MainViewModel.swift in Sources */ = {isa = PBXBuildFile; fileRef = 88152F832AED3903002CB48D /* MainViewModel.swift */; };
		882E63152AB5FA2700BFE332 /* AppDelegate.swift in Sources */ = {isa = PBXBuildFile; fileRef = 882E63142AB5FA2700BFE332 /* AppDelegate.swift */; };
		882E63172AB5FA2700BFE332 /* SceneDelegate.swift in Sources */ = {isa = PBXBuildFile; fileRef = 882E63162AB5FA2700BFE332 /* SceneDelegate.swift */; };
		882E631E2AB5FA2800BFE332 /* Assets.xcassets in Resources */ = {isa = PBXBuildFile; fileRef = 882E631D2AB5FA2800BFE332 /* Assets.xcassets */; };
		882E63212AB5FA2800BFE332 /* LaunchScreen.storyboard in Resources */ = {isa = PBXBuildFile; fileRef = 882E631F2AB5FA2800BFE332 /* LaunchScreen.storyboard */; };
		882E633E2AB5FC3B00BFE332 /* BaseVC.swift in Sources */ = {isa = PBXBuildFile; fileRef = 882E633D2AB5FC3B00BFE332 /* BaseVC.swift */; };
		882E63402AB5FF8000BFE332 /* LoginViewController.swift in Sources */ = {isa = PBXBuildFile; fileRef = 882E633F2AB5FF7F00BFE332 /* LoginViewController.swift */; };
		882E63442AB6048F00BFE332 /* OnboardingViewController.swift in Sources */ = {isa = PBXBuildFile; fileRef = 882E63432AB6048F00BFE332 /* OnboardingViewController.swift */; };
		882E63472AB6054700BFE332 /* CustomButton.swift in Sources */ = {isa = PBXBuildFile; fileRef = 882E63462AB6054700BFE332 /* CustomButton.swift */; };
		882E63512AB606E000BFE332 /* IBMPlexSansKR-ExtraLight.ttf in Resources */ = {isa = PBXBuildFile; fileRef = 882E63492AB606E000BFE332 /* IBMPlexSansKR-ExtraLight.ttf */; };
		882E63522AB606E000BFE332 /* IBMPlexSansKR-Regular.ttf in Resources */ = {isa = PBXBuildFile; fileRef = 882E634A2AB606E000BFE332 /* IBMPlexSansKR-Regular.ttf */; };
		882E63532AB606E000BFE332 /* IBMPlexSansKR-SemiBold.ttf in Resources */ = {isa = PBXBuildFile; fileRef = 882E634B2AB606E000BFE332 /* IBMPlexSansKR-SemiBold.ttf */; };
		882E63542AB606E000BFE332 /* IBMPlexSansKR-Medium.ttf in Resources */ = {isa = PBXBuildFile; fileRef = 882E634C2AB606E000BFE332 /* IBMPlexSansKR-Medium.ttf */; };
		882E63552AB606E000BFE332 /* OFL.txt in Resources */ = {isa = PBXBuildFile; fileRef = 882E634D2AB606E000BFE332 /* OFL.txt */; };
		882E63562AB606E000BFE332 /* IBMPlexSansKR-Light.ttf in Resources */ = {isa = PBXBuildFile; fileRef = 882E634E2AB606E000BFE332 /* IBMPlexSansKR-Light.ttf */; };
		882E63572AB606E000BFE332 /* IBMPlexSansKR-Thin.ttf in Resources */ = {isa = PBXBuildFile; fileRef = 882E634F2AB606E000BFE332 /* IBMPlexSansKR-Thin.ttf */; };
		882E63582AB606E000BFE332 /* IBMPlexSansKR-Bold.ttf in Resources */ = {isa = PBXBuildFile; fileRef = 882E63502AB606E000BFE332 /* IBMPlexSansKR-Bold.ttf */; };
		882E635A2AB6169A00BFE332 /* UserIdViewController.swift in Sources */ = {isa = PBXBuildFile; fileRef = 882E63592AB6169A00BFE332 /* UserIdViewController.swift */; };
		882E635C2AB6172800BFE332 /* CustomTextField.swift in Sources */ = {isa = PBXBuildFile; fileRef = 882E635B2AB6172800BFE332 /* CustomTextField.swift */; };
		882E63642AB69D2300BFE332 /* LabelButton.swift in Sources */ = {isa = PBXBuildFile; fileRef = 882E63632AB69D2300BFE332 /* LabelButton.swift */; };
		882E63662AB7081000BFE332 /* UserPasswordViewController.swift in Sources */ = {isa = PBXBuildFile; fileRef = 882E63652AB7081000BFE332 /* UserPasswordViewController.swift */; };
		882E63682AB7098000BFE332 /* UserNameViewController.swift in Sources */ = {isa = PBXBuildFile; fileRef = 882E63672AB7098000BFE332 /* UserNameViewController.swift */; };
		882E63752AB7109000BFE332 /* MainViewController.swift in Sources */ = {isa = PBXBuildFile; fileRef = 882E63742AB7109000BFE332 /* MainViewController.swift */; };
		882E63772AB736F200BFE332 /* MainCell.swift in Sources */ = {isa = PBXBuildFile; fileRef = 882E63762AB736F200BFE332 /* MainCell.swift */; };
		882E637B2AB7FC0600BFE332 /* ApprovedCell.swift in Sources */ = {isa = PBXBuildFile; fileRef = 882E637A2AB7FC0600BFE332 /* ApprovedCell.swift */; };
		8849D97A2B0C6F8C00708256 /* ImageCell.swift in Sources */ = {isa = PBXBuildFile; fileRef = 8849D9792B0C6F8C00708256 /* ImageCell.swift */; };
		8849D9E02B11F0C500708256 /* DataModel.swift in Sources */ = {isa = PBXBuildFile; fileRef = 8849D9DF2B11F0C500708256 /* DataModel.swift */; };
		8849D9E22B138E1B00708256 /* TokenModel.swift in Sources */ = {isa = PBXBuildFile; fileRef = 8849D9E12B138E1B00708256 /* TokenModel.swift */; };
		8849DA0C2B15F1D600708256 /* TabBarVC.swift in Sources */ = {isa = PBXBuildFile; fileRef = 8849DA0B2B15F1D600708256 /* TabBarVC.swift */; };
		8849DA412B18991300708256 /* BSImagePicker in Frameworks */ = {isa = PBXBuildFile; productRef = 8849DA402B18991300708256 /* BSImagePicker */; };
		8849DA452B189A9600708256 /* CustomImageView.swift in Sources */ = {isa = PBXBuildFile; fileRef = 8849DA442B189A9600708256 /* CustomImageView.swift */; };
		8849DAD02B2153BD00708256 /* UserIdData.swift in Sources */ = {isa = PBXBuildFile; fileRef = 8849DACF2B2153BD00708256 /* UserIdData.swift */; };
		8849DAD22B238B0600708256 /* Storage.swift in Sources */ = {isa = PBXBuildFile; fileRef = 8849DAD12B238B0600708256 /* Storage.swift */; };
		884A91362ACF7C8E00AE1E14 /* DetailPetitionViewController.swift in Sources */ = {isa = PBXBuildFile; fileRef = 884A91352ACF7C8E00AE1E14 /* DetailPetitionViewController.swift */; };
		884A91382ACFE5B300AE1E14 /* CustomTextView.swift in Sources */ = {isa = PBXBuildFile; fileRef = 884A91372ACFE5B300AE1E14 /* CustomTextView.swift */; };
		884A91422AD19FF000AE1E14 /* SideMenu in Frameworks */ = {isa = PBXBuildFile; productRef = 884A91412AD19FF000AE1E14 /* SideMenu */; };
		884A91452AD2745900AE1E14 /* SignupInfo.swift in Sources */ = {isa = PBXBuildFile; fileRef = 884A91442AD2745900AE1E14 /* SignupInfo.swift */; };
		884A914D2AD2FE3600AE1E14 /* MoyaLoggerPlugin.swift in Sources */ = {isa = PBXBuildFile; fileRef = 884A914C2AD2FE3600AE1E14 /* MoyaLoggerPlugin.swift */; };
		884A91532AD58F3800AE1E14 /* PetitionModel.swift in Sources */ = {isa = PBXBuildFile; fileRef = 884A91522AD58F3800AE1E14 /* PetitionModel.swift */; };
		884A91562AD5900100AE1E14 /* UserInfoModel.swift in Sources */ = {isa = PBXBuildFile; fileRef = 884A91552AD5900100AE1E14 /* UserInfoModel.swift */; };
		884A91582AD6462400AE1E14 /* DetailPetitionModel.swift in Sources */ = {isa = PBXBuildFile; fileRef = 884A91572AD6462400AE1E14 /* DetailPetitionModel.swift */; };
		884A91632AD6652D00AE1E14 /* PetitionCell.swift in Sources */ = {isa = PBXBuildFile; fileRef = 884A91622AD6652D00AE1E14 /* PetitionCell.swift */; };
		884A91672AD6658700AE1E14 /* Kingfisher in Frameworks */ = {isa = PBXBuildFile; productRef = 884A91662AD6658700AE1E14 /* Kingfisher */; };
		884A916E2AD8294800AE1E14 /* RxBlocking in Frameworks */ = {isa = PBXBuildFile; productRef = 884A916D2AD8294800AE1E14 /* RxBlocking */; };
		884A91702AD8294800AE1E14 /* RxCocoa in Frameworks */ = {isa = PBXBuildFile; productRef = 884A916F2AD8294800AE1E14 /* RxCocoa */; };
		884A91722AD82B7400AE1E14 /* ViewModelType.swift in Sources */ = {isa = PBXBuildFile; fileRef = 884A91712AD82B7400AE1E14 /* ViewModelType.swift */; };
		884A91742AD82C7200AE1E14 /* LoginViewModel.swift in Sources */ = {isa = PBXBuildFile; fileRef = 884A91732AD82C7200AE1E14 /* LoginViewModel.swift */; };
		884A917E2AD8330900AE1E14 /* AuthService.swift in Sources */ = {isa = PBXBuildFile; fileRef = 884A917D2AD8330900AE1E14 /* AuthService.swift */; };
		884A91812AD8332500AE1E14 /* PetitionService.swift in Sources */ = {isa = PBXBuildFile; fileRef = 884A91802AD8332500AE1E14 /* PetitionService.swift */; };
		884A91832AD8349100AE1E14 /* Moya in Frameworks */ = {isa = PBXBuildFile; productRef = 884A91822AD8349100AE1E14 /* Moya */; };
		884A91852AD8349100AE1E14 /* RxMoya in Frameworks */ = {isa = PBXBuildFile; productRef = 884A91842AD8349100AE1E14 /* RxMoya */; };
		884A91872AD8387B00AE1E14 /* UserPetitionViewController.swift in Sources */ = {isa = PBXBuildFile; fileRef = 884A91862AD8387B00AE1E14 /* UserPetitionViewController.swift */; };
		884A918A2AD8B86300AE1E14 /* ServiceType.swift in Sources */ = {isa = PBXBuildFile; fileRef = 884A91892AD8B86300AE1E14 /* ServiceType.swift */; };
		884A918D2AD9917000AE1E14 /* UIViewControllerExtension.swift in Sources */ = {isa = PBXBuildFile; fileRef = 884A918C2AD9917000AE1E14 /* UIViewControllerExtension.swift */; };
		884A918F2AD9A1D500AE1E14 /* CALayerExtension.swift in Sources */ = {isa = PBXBuildFile; fileRef = 884A918E2AD9A1D500AE1E14 /* CALayerExtension.swift */; };
		884A91932AD9A7A300AE1E14 /* UserIdViewModel.swift in Sources */ = {isa = PBXBuildFile; fileRef = 884A91922AD9A7A300AE1E14 /* UserIdViewModel.swift */; };
		884A91982AD9B84400AE1E14 /* UserSignupViewModel.swift in Sources */ = {isa = PBXBuildFile; fileRef = 884A91972AD9B84400AE1E14 /* UserSignupViewModel.swift */; };
		884A919A2ADAE1E700AE1E14 /* PetitionTypeButton.swift in Sources */ = {isa = PBXBuildFile; fileRef = 884A91992ADAE1E700AE1E14 /* PetitionTypeButton.swift */; };
		8855542F2AF38D0B0025747E /* DetailPetitionViewModel.swift in Sources */ = {isa = PBXBuildFile; fileRef = 8855542E2AF38D0B0025747E /* DetailPetitionViewModel.swift */; };
		885554632AF643490025747E /* DetailPetitionAlertViewModel.swift in Sources */ = {isa = PBXBuildFile; fileRef = 885554622AF643490025747E /* DetailPetitionAlertViewModel.swift */; };
		885554662AF643560025747E /* PetitionReportAlertViewModel.swift in Sources */ = {isa = PBXBuildFile; fileRef = 885554652AF643560025747E /* PetitionReportAlertViewModel.swift */; };
		885A74942AC2ED4A00EC3F1A /* SearchTextField.swift in Sources */ = {isa = PBXBuildFile; fileRef = 885A74932AC2ED4A00EC3F1A /* SearchTextField.swift */; };
		8867D3E22ADD438F0048B205 /* PetitionReportAlert.swift in Sources */ = {isa = PBXBuildFile; fileRef = 8867D3E12ADD438F0048B205 /* PetitionReportAlert.swift */; };
		8867D3E62ADE4D550048B205 /* ScrollButton.swift in Sources */ = {isa = PBXBuildFile; fileRef = 8867D3E52ADE4D550048B205 /* ScrollButton.swift */; };
		8867D3E92ADE7A510048B205 /* RxGesture in Frameworks */ = {isa = PBXBuildFile; productRef = 8867D3E82ADE7A510048B205 /* RxGesture */; };
		8867D3EB2ADF7E090048B205 /* DetailPetitionAlert.swift in Sources */ = {isa = PBXBuildFile; fileRef = 8867D3EA2ADF7E090048B205 /* DetailPetitionAlert.swift */; };
		8867D3ED2ADF80830048B205 /* DetailPetitionlButton.swift in Sources */ = {isa = PBXBuildFile; fileRef = 8867D3EC2ADF80830048B205 /* DetailPetitionlButton.swift */; };
		8867D3F02ADF9D400048B205 /* MyPageViewModel.swift in Sources */ = {isa = PBXBuildFile; fileRef = 8867D3EF2ADF9D400048B205 /* MyPageViewModel.swift */; };
		8867D3F72AE0BACA0048B205 /* UserPetitionViewModel.swift in Sources */ = {isa = PBXBuildFile; fileRef = 8867D3F62AE0BACA0048B205 /* UserPetitionViewModel.swift */; };
		888A18B12AC01A3800168377 /* CustomMenu.swift in Sources */ = {isa = PBXBuildFile; fileRef = 888A18B02AC01A3800168377 /* CustomMenu.swift */; };
		888CC4C62AFC65DA00C50A99 /* UserPasswordViewModel.swift in Sources */ = {isa = PBXBuildFile; fileRef = 888CC4C52AFC65DA00C50A99 /* UserPasswordViewModel.swift */; };
		88A293692AC3A723007B4469 /* SnapKit in Frameworks */ = {isa = PBXBuildFile; productRef = 88A293682AC3A723007B4469 /* SnapKit */; };
		88A2936C2AC3A729007B4469 /* Then in Frameworks */ = {isa = PBXBuildFile; productRef = 88A2936B2AC3A729007B4469 /* Then */; };
		88A6CC892AC18A3600BF36C3 /* PetitionViewController.swift in Sources */ = {isa = PBXBuildFile; fileRef = 88A6CC882AC18A3600BF36C3 /* PetitionViewController.swift */; };
		88B7C64B2ADAECCC0082EA43 /* PetitionMenu.swift in Sources */ = {isa = PBXBuildFile; fileRef = 88B7C64A2ADAECCC0082EA43 /* PetitionMenu.swift */; };
		88C3E36A2B079C0F009B2A32 /* PetitionCreateViewController.swift in Sources */ = {isa = PBXBuildFile; fileRef = 88C3E3692B079C0F009B2A32 /* PetitionCreateViewController.swift */; };
		88C8FA532B287B0F00C039A2 /* MyPageAlert.swift in Sources */ = {isa = PBXBuildFile; fileRef = 88C8FA522B287B0F00C039A2 /* MyPageAlert.swift */; };
		88C8FA572B288B3800C039A2 /* MyPageViewController.swift in Sources */ = {isa = PBXBuildFile; fileRef = 88C8FA562B288B3800C039A2 /* MyPageViewController.swift */; };
		88C8FA5A2B288E2600C039A2 /* UserInfoModifyViewController.swift in Sources */ = {isa = PBXBuildFile; fileRef = 88C8FA592B288E2600C039A2 /* UserInfoModifyViewController.swift */; };
		88C8FA5C2B2891F200C039A2 /* PasswordChangeViewController.swift in Sources */ = {isa = PBXBuildFile; fileRef = 88C8FA5B2B2891F200C039A2 /* PasswordChangeViewController.swift */; };
/* End PBXBuildFile section */

/* Begin PBXFileReference section */
		8802D4B32AF24812000E907E /* ImageModel.swift */ = {isa = PBXFileReference; lastKnownFileType = sourcecode.swift; path = ImageModel.swift; sourceTree = "<group>"; };
		880D922F2AC861DA0053D5A6 /* AuthAPI.swift */ = {isa = PBXFileReference; lastKnownFileType = sourcecode.swift; path = AuthAPI.swift; sourceTree = "<group>"; };
		880D92372AC864A10053D5A6 /* Header.swift */ = {isa = PBXFileReference; lastKnownFileType = sourcecode.swift; path = Header.swift; sourceTree = "<group>"; };
		880D923B2AC9B2500053D5A6 /* AuthModel.swift */ = {isa = PBXFileReference; lastKnownFileType = sourcecode.swift; path = AuthModel.swift; sourceTree = "<group>"; };
		880D92402AC9B3B40053D5A6 /* PetitionAPI.swift */ = {isa = PBXFileReference; lastKnownFileType = sourcecode.swift; path = PetitionAPI.swift; sourceTree = "<group>"; };
		88152F672AE8EA85002CB48D /* PetitionViewModel.swift */ = {isa = PBXFileReference; lastKnownFileType = sourcecode.swift; path = PetitionViewModel.swift; sourceTree = "<group>"; };
		88152F6D2AEA98C1002CB48D /* PetitionCreateViewModel.swift */ = {isa = PBXFileReference; lastKnownFileType = sourcecode.swift; path = PetitionCreateViewModel.swift; sourceTree = "<group>"; };
		88152F832AED3903002CB48D /* MainViewModel.swift */ = {isa = PBXFileReference; lastKnownFileType = sourcecode.swift; path = MainViewModel.swift; sourceTree = "<group>"; };
		882E63112AB5FA2700BFE332 /* SVAP.app */ = {isa = PBXFileReference; explicitFileType = wrapper.application; includeInIndex = 0; path = SVAP.app; sourceTree = BUILT_PRODUCTS_DIR; };
		882E63142AB5FA2700BFE332 /* AppDelegate.swift */ = {isa = PBXFileReference; lastKnownFileType = sourcecode.swift; path = AppDelegate.swift; sourceTree = "<group>"; };
		882E63162AB5FA2700BFE332 /* SceneDelegate.swift */ = {isa = PBXFileReference; lastKnownFileType = sourcecode.swift; path = SceneDelegate.swift; sourceTree = "<group>"; };
		882E631D2AB5FA2800BFE332 /* Assets.xcassets */ = {isa = PBXFileReference; lastKnownFileType = folder.assetcatalog; path = Assets.xcassets; sourceTree = "<group>"; };
		882E63222AB5FA2800BFE332 /* Info.plist */ = {isa = PBXFileReference; lastKnownFileType = text.plist.xml; path = Info.plist; sourceTree = "<group>"; };
		882E633D2AB5FC3B00BFE332 /* BaseVC.swift */ = {isa = PBXFileReference; lastKnownFileType = sourcecode.swift; path = BaseVC.swift; sourceTree = "<group>"; };
		882E633F2AB5FF7F00BFE332 /* LoginViewController.swift */ = {isa = PBXFileReference; lastKnownFileType = sourcecode.swift; path = LoginViewController.swift; sourceTree = "<group>"; };
		882E63432AB6048F00BFE332 /* OnboardingViewController.swift */ = {isa = PBXFileReference; lastKnownFileType = sourcecode.swift; path = OnboardingViewController.swift; sourceTree = "<group>"; };
		882E63462AB6054700BFE332 /* CustomButton.swift */ = {isa = PBXFileReference; lastKnownFileType = sourcecode.swift; path = CustomButton.swift; sourceTree = "<group>"; };
		882E63492AB606E000BFE332 /* IBMPlexSansKR-ExtraLight.ttf */ = {isa = PBXFileReference; lastKnownFileType = file; path = "IBMPlexSansKR-ExtraLight.ttf"; sourceTree = "<group>"; };
		882E634A2AB606E000BFE332 /* IBMPlexSansKR-Regular.ttf */ = {isa = PBXFileReference; lastKnownFileType = file; path = "IBMPlexSansKR-Regular.ttf"; sourceTree = "<group>"; };
		882E634B2AB606E000BFE332 /* IBMPlexSansKR-SemiBold.ttf */ = {isa = PBXFileReference; lastKnownFileType = file; path = "IBMPlexSansKR-SemiBold.ttf"; sourceTree = "<group>"; };
		882E634C2AB606E000BFE332 /* IBMPlexSansKR-Medium.ttf */ = {isa = PBXFileReference; lastKnownFileType = file; path = "IBMPlexSansKR-Medium.ttf"; sourceTree = "<group>"; };
		882E634D2AB606E000BFE332 /* OFL.txt */ = {isa = PBXFileReference; fileEncoding = 4; lastKnownFileType = text; path = OFL.txt; sourceTree = "<group>"; };
		882E634E2AB606E000BFE332 /* IBMPlexSansKR-Light.ttf */ = {isa = PBXFileReference; lastKnownFileType = file; path = "IBMPlexSansKR-Light.ttf"; sourceTree = "<group>"; };
		882E634F2AB606E000BFE332 /* IBMPlexSansKR-Thin.ttf */ = {isa = PBXFileReference; lastKnownFileType = file; path = "IBMPlexSansKR-Thin.ttf"; sourceTree = "<group>"; };
		882E63502AB606E000BFE332 /* IBMPlexSansKR-Bold.ttf */ = {isa = PBXFileReference; lastKnownFileType = file; path = "IBMPlexSansKR-Bold.ttf"; sourceTree = "<group>"; };
		882E63592AB6169A00BFE332 /* UserIdViewController.swift */ = {isa = PBXFileReference; lastKnownFileType = sourcecode.swift; path = UserIdViewController.swift; sourceTree = "<group>"; };
		882E635B2AB6172800BFE332 /* CustomTextField.swift */ = {isa = PBXFileReference; lastKnownFileType = sourcecode.swift; path = CustomTextField.swift; sourceTree = "<group>"; };
		882E63632AB69D2300BFE332 /* LabelButton.swift */ = {isa = PBXFileReference; lastKnownFileType = sourcecode.swift; path = LabelButton.swift; sourceTree = "<group>"; };
		882E63652AB7081000BFE332 /* UserPasswordViewController.swift */ = {isa = PBXFileReference; lastKnownFileType = sourcecode.swift; path = UserPasswordViewController.swift; sourceTree = "<group>"; };
		882E63672AB7098000BFE332 /* UserNameViewController.swift */ = {isa = PBXFileReference; lastKnownFileType = sourcecode.swift; path = UserNameViewController.swift; sourceTree = "<group>"; };
		882E63742AB7109000BFE332 /* MainViewController.swift */ = {isa = PBXFileReference; lastKnownFileType = sourcecode.swift; path = MainViewController.swift; sourceTree = "<group>"; };
		882E63762AB736F200BFE332 /* MainCell.swift */ = {isa = PBXFileReference; lastKnownFileType = sourcecode.swift; path = MainCell.swift; sourceTree = "<group>"; };
		882E637A2AB7FC0600BFE332 /* ApprovedCell.swift */ = {isa = PBXFileReference; lastKnownFileType = sourcecode.swift; path = ApprovedCell.swift; sourceTree = "<group>"; };
		8849D9792B0C6F8C00708256 /* ImageCell.swift */ = {isa = PBXFileReference; lastKnownFileType = sourcecode.swift; path = ImageCell.swift; sourceTree = "<group>"; };
		8849D9DF2B11F0C500708256 /* DataModel.swift */ = {isa = PBXFileReference; lastKnownFileType = sourcecode.swift; path = DataModel.swift; sourceTree = "<group>"; };
		8849D9E12B138E1B00708256 /* TokenModel.swift */ = {isa = PBXFileReference; lastKnownFileType = sourcecode.swift; path = TokenModel.swift; sourceTree = "<group>"; };
		8849DA0B2B15F1D600708256 /* TabBarVC.swift */ = {isa = PBXFileReference; lastKnownFileType = sourcecode.swift; path = TabBarVC.swift; sourceTree = "<group>"; };
		8849DA442B189A9600708256 /* CustomImageView.swift */ = {isa = PBXFileReference; lastKnownFileType = sourcecode.swift; path = CustomImageView.swift; sourceTree = "<group>"; };
		8849DACF2B2153BD00708256 /* UserIdData.swift */ = {isa = PBXFileReference; lastKnownFileType = sourcecode.swift; path = UserIdData.swift; sourceTree = "<group>"; };
		8849DAD12B238B0600708256 /* Storage.swift */ = {isa = PBXFileReference; lastKnownFileType = sourcecode.swift; path = Storage.swift; sourceTree = "<group>"; };
		884A91352ACF7C8E00AE1E14 /* DetailPetitionViewController.swift */ = {isa = PBXFileReference; lastKnownFileType = sourcecode.swift; path = DetailPetitionViewController.swift; sourceTree = "<group>"; };
		884A91372ACFE5B300AE1E14 /* CustomTextView.swift */ = {isa = PBXFileReference; lastKnownFileType = sourcecode.swift; path = CustomTextView.swift; sourceTree = "<group>"; };
		884A91442AD2745900AE1E14 /* SignupInfo.swift */ = {isa = PBXFileReference; lastKnownFileType = sourcecode.swift; path = SignupInfo.swift; sourceTree = "<group>"; };
		884A914C2AD2FE3600AE1E14 /* MoyaLoggerPlugin.swift */ = {isa = PBXFileReference; lastKnownFileType = sourcecode.swift; path = MoyaLoggerPlugin.swift; sourceTree = "<group>"; };
		884A91522AD58F3800AE1E14 /* PetitionModel.swift */ = {isa = PBXFileReference; lastKnownFileType = sourcecode.swift; path = PetitionModel.swift; sourceTree = "<group>"; };
		884A91552AD5900100AE1E14 /* UserInfoModel.swift */ = {isa = PBXFileReference; lastKnownFileType = sourcecode.swift; path = UserInfoModel.swift; sourceTree = "<group>"; };
		884A91572AD6462400AE1E14 /* DetailPetitionModel.swift */ = {isa = PBXFileReference; lastKnownFileType = sourcecode.swift; path = DetailPetitionModel.swift; sourceTree = "<group>"; };
		884A91622AD6652D00AE1E14 /* PetitionCell.swift */ = {isa = PBXFileReference; lastKnownFileType = sourcecode.swift; path = PetitionCell.swift; sourceTree = "<group>"; };
		884A91712AD82B7400AE1E14 /* ViewModelType.swift */ = {isa = PBXFileReference; lastKnownFileType = sourcecode.swift; path = ViewModelType.swift; sourceTree = "<group>"; };
		884A91732AD82C7200AE1E14 /* LoginViewModel.swift */ = {isa = PBXFileReference; lastKnownFileType = sourcecode.swift; path = LoginViewModel.swift; sourceTree = "<group>"; };
		884A917D2AD8330900AE1E14 /* AuthService.swift */ = {isa = PBXFileReference; lastKnownFileType = sourcecode.swift; path = AuthService.swift; sourceTree = "<group>"; };
		884A91802AD8332500AE1E14 /* PetitionService.swift */ = {isa = PBXFileReference; lastKnownFileType = sourcecode.swift; path = PetitionService.swift; sourceTree = "<group>"; };
		884A91862AD8387B00AE1E14 /* UserPetitionViewController.swift */ = {isa = PBXFileReference; lastKnownFileType = sourcecode.swift; path = UserPetitionViewController.swift; sourceTree = "<group>"; };
		884A91892AD8B86300AE1E14 /* ServiceType.swift */ = {isa = PBXFileReference; lastKnownFileType = sourcecode.swift; path = ServiceType.swift; sourceTree = "<group>"; };
		884A918C2AD9917000AE1E14 /* UIViewControllerExtension.swift */ = {isa = PBXFileReference; lastKnownFileType = sourcecode.swift; path = UIViewControllerExtension.swift; sourceTree = "<group>"; };
		884A918E2AD9A1D500AE1E14 /* CALayerExtension.swift */ = {isa = PBXFileReference; lastKnownFileType = sourcecode.swift; path = CALayerExtension.swift; sourceTree = "<group>"; };
		884A91922AD9A7A300AE1E14 /* UserIdViewModel.swift */ = {isa = PBXFileReference; lastKnownFileType = sourcecode.swift; path = UserIdViewModel.swift; sourceTree = "<group>"; };
		884A91972AD9B84400AE1E14 /* UserSignupViewModel.swift */ = {isa = PBXFileReference; lastKnownFileType = sourcecode.swift; path = UserSignupViewModel.swift; sourceTree = "<group>"; };
		884A91992ADAE1E700AE1E14 /* PetitionTypeButton.swift */ = {isa = PBXFileReference; lastKnownFileType = sourcecode.swift; path = PetitionTypeButton.swift; sourceTree = "<group>"; };
		8855542E2AF38D0B0025747E /* DetailPetitionViewModel.swift */ = {isa = PBXFileReference; lastKnownFileType = sourcecode.swift; path = DetailPetitionViewModel.swift; sourceTree = "<group>"; };
		885554622AF643490025747E /* DetailPetitionAlertViewModel.swift */ = {isa = PBXFileReference; lastKnownFileType = sourcecode.swift; path = DetailPetitionAlertViewModel.swift; sourceTree = "<group>"; };
		885554652AF643560025747E /* PetitionReportAlertViewModel.swift */ = {isa = PBXFileReference; lastKnownFileType = sourcecode.swift; path = PetitionReportAlertViewModel.swift; sourceTree = "<group>"; };
		885A74932AC2ED4A00EC3F1A /* SearchTextField.swift */ = {isa = PBXFileReference; lastKnownFileType = sourcecode.swift; path = SearchTextField.swift; sourceTree = "<group>"; };
		885A74952AC2F6A200EC3F1A /* en */ = {isa = PBXFileReference; lastKnownFileType = file.storyboard; name = en; path = en.lproj/LaunchScreen.storyboard; sourceTree = "<group>"; };
		8867D3E12ADD438F0048B205 /* PetitionReportAlert.swift */ = {isa = PBXFileReference; lastKnownFileType = sourcecode.swift; path = PetitionReportAlert.swift; sourceTree = "<group>"; };
		8867D3E52ADE4D550048B205 /* ScrollButton.swift */ = {isa = PBXFileReference; lastKnownFileType = sourcecode.swift; path = ScrollButton.swift; sourceTree = "<group>"; };
		8867D3EA2ADF7E090048B205 /* DetailPetitionAlert.swift */ = {isa = PBXFileReference; lastKnownFileType = sourcecode.swift; path = DetailPetitionAlert.swift; sourceTree = "<group>"; };
		8867D3EC2ADF80830048B205 /* DetailPetitionlButton.swift */ = {isa = PBXFileReference; lastKnownFileType = sourcecode.swift; path = DetailPetitionlButton.swift; sourceTree = "<group>"; };
		8867D3EF2ADF9D400048B205 /* MyPageViewModel.swift */ = {isa = PBXFileReference; lastKnownFileType = sourcecode.swift; path = MyPageViewModel.swift; sourceTree = "<group>"; };
		8867D3F62AE0BACA0048B205 /* UserPetitionViewModel.swift */ = {isa = PBXFileReference; lastKnownFileType = sourcecode.swift; path = UserPetitionViewModel.swift; sourceTree = "<group>"; };
		888A18B02AC01A3800168377 /* CustomMenu.swift */ = {isa = PBXFileReference; lastKnownFileType = sourcecode.swift; path = CustomMenu.swift; sourceTree = "<group>"; };
		888CC4C52AFC65DA00C50A99 /* UserPasswordViewModel.swift */ = {isa = PBXFileReference; lastKnownFileType = sourcecode.swift; path = UserPasswordViewModel.swift; sourceTree = "<group>"; };
		88A293722AC3A857007B4469 /* libz.tbd */ = {isa = PBXFileReference; lastKnownFileType = "sourcecode.text-based-dylib-definition"; name = libz.tbd; path = usr/lib/libz.tbd; sourceTree = SDKROOT; };
		88A6CC882AC18A3600BF36C3 /* PetitionViewController.swift */ = {isa = PBXFileReference; lastKnownFileType = sourcecode.swift; path = PetitionViewController.swift; sourceTree = "<group>"; };
		88B7C64A2ADAECCC0082EA43 /* PetitionMenu.swift */ = {isa = PBXFileReference; lastKnownFileType = sourcecode.swift; path = PetitionMenu.swift; sourceTree = "<group>"; };
		88C3E3692B079C0F009B2A32 /* PetitionCreateViewController.swift */ = {isa = PBXFileReference; lastKnownFileType = sourcecode.swift; path = PetitionCreateViewController.swift; sourceTree = "<group>"; };
		88C8FA522B287B0F00C039A2 /* MyPageAlert.swift */ = {isa = PBXFileReference; lastKnownFileType = sourcecode.swift; path = MyPageAlert.swift; sourceTree = "<group>"; };
		88C8FA562B288B3800C039A2 /* MyPageViewController.swift */ = {isa = PBXFileReference; lastKnownFileType = sourcecode.swift; name = MyPageViewController.swift; path = SVAP/Sources/Scene/MyPage/View/MyPageViewController.swift; sourceTree = SOURCE_ROOT; };
		88C8FA592B288E2600C039A2 /* UserInfoModifyViewController.swift */ = {isa = PBXFileReference; lastKnownFileType = sourcecode.swift; path = UserInfoModifyViewController.swift; sourceTree = "<group>"; };
		88C8FA5B2B2891F200C039A2 /* PasswordChangeViewController.swift */ = {isa = PBXFileReference; lastKnownFileType = sourcecode.swift; path = PasswordChangeViewController.swift; sourceTree = "<group>"; };
/* End PBXFileReference section */

/* Begin PBXFrameworksBuildPhase section */
		882E630E2AB5FA2700BFE332 /* Frameworks */ = {
			isa = PBXFrameworksBuildPhase;
			buildActionMask = 2147483647;
			files = (
				884A91852AD8349100AE1E14 /* RxMoya in Frameworks */,
				884A91672AD6658700AE1E14 /* Kingfisher in Frameworks */,
				88A293692AC3A723007B4469 /* SnapKit in Frameworks */,
				884A91832AD8349100AE1E14 /* Moya in Frameworks */,
				88A2936C2AC3A729007B4469 /* Then in Frameworks */,
				880D92342AC864530053D5A6 /* SwiftKeychainWrapper in Frameworks */,
				884A91422AD19FF000AE1E14 /* SideMenu in Frameworks */,
				8849DA412B18991300708256 /* BSImagePicker in Frameworks */,
				880D92282AC860F70053D5A6 /* Moya in Frameworks */,
				8867D3E92ADE7A510048B205 /* RxGesture in Frameworks */,
				884A91702AD8294800AE1E14 /* RxCocoa in Frameworks */,
				884A916E2AD8294800AE1E14 /* RxBlocking in Frameworks */,
			);
			runOnlyForDeploymentPostprocessing = 0;
		};
/* End PBXFrameworksBuildPhase section */

/* Begin PBXGroup section */
		8802D4552AF000C2000E907E /* Protocol */ = {
			isa = PBXGroup;
			children = (
				884A91712AD82B7400AE1E14 /* ViewModelType.swift */,
			);
			path = Protocol;
			sourceTree = "<group>";
		};
		880D92292AC861590053D5A6 /* Networking */ = {
			isa = PBXGroup;
			children = (
				88152F6F2AEA99C6002CB48D /* API */,
				88152F6A2AEA9863002CB48D /* Service */,
				884A91882AD8B83A00AE1E14 /* ServiceModel */,
				884A914B2AD2FE2400AE1E14 /* Plugin */,
				880D92312AC864460053D5A6 /* Header */,
				880D922A2AC8616B0053D5A6 /* Data */,
			);
			path = Networking;
			sourceTree = "<group>";
		};
		880D922A2AC8616B0053D5A6 /* Data */ = {
			isa = PBXGroup;
			children = (
				884A91442AD2745900AE1E14 /* SignupInfo.swift */,
				8849DACF2B2153BD00708256 /* UserIdData.swift */,
				8849DAD12B238B0600708256 /* Storage.swift */,
			);
			path = Data;
			sourceTree = "<group>";
		};
		880D92312AC864460053D5A6 /* Header */ = {
			isa = PBXGroup;
			children = (
				880D92372AC864A10053D5A6 /* Header.swift */,
			);
			path = Header;
			sourceTree = "<group>";
		};
		88152F662AE8EA3E002CB48D /* ViewModel */ = {
			isa = PBXGroup;
			children = (
				88152F672AE8EA85002CB48D /* PetitionViewModel.swift */,
				8855542E2AF38D0B0025747E /* DetailPetitionViewModel.swift */,
				8867D3F62AE0BACA0048B205 /* UserPetitionViewModel.swift */,
			);
			path = ViewModel;
			sourceTree = "<group>";
		};
		88152F692AEA982C002CB48D /* Model */ = {
			isa = PBXGroup;
			children = (
				880D923B2AC9B2500053D5A6 /* AuthModel.swift */,
				884A91552AD5900100AE1E14 /* UserInfoModel.swift */,
				884A91522AD58F3800AE1E14 /* PetitionModel.swift */,
				884A91572AD6462400AE1E14 /* DetailPetitionModel.swift */,
				8802D4B32AF24812000E907E /* ImageModel.swift */,
				8849D9E12B138E1B00708256 /* TokenModel.swift */,
			);
			path = Model;
			sourceTree = "<group>";
		};
		88152F6A2AEA9863002CB48D /* Service */ = {
			isa = PBXGroup;
			children = (
				884A917D2AD8330900AE1E14 /* AuthService.swift */,
				884A91802AD8332500AE1E14 /* PetitionService.swift */,
			);
			path = Service;
			sourceTree = "<group>";
		};
		88152F6F2AEA99C6002CB48D /* API */ = {
			isa = PBXGroup;
			children = (
				880D922F2AC861DA0053D5A6 /* AuthAPI.swift */,
				880D92402AC9B3B40053D5A6 /* PetitionAPI.swift */,
			);
			path = API;
			sourceTree = "<group>";
		};
		882E63082AB5FA2700BFE332 = {
			isa = PBXGroup;
			children = (
				882E63132AB5FA2700BFE332 /* SVAP */,
				882E63122AB5FA2700BFE332 /* Products */,
				88A293712AC3A857007B4469 /* Frameworks */,
			);
			sourceTree = "<group>";
		};
		882E63122AB5FA2700BFE332 /* Products */ = {
			isa = PBXGroup;
			children = (
				882E63112AB5FA2700BFE332 /* SVAP.app */,
			);
			name = Products;
			sourceTree = "<group>";
		};
		882E63132AB5FA2700BFE332 /* SVAP */ = {
			isa = PBXGroup;
			children = (
				882E63342AB5FB0800BFE332 /* Resources */,
				882E63352AB5FB4300BFE332 /* Sources */,
				882E63222AB5FA2800BFE332 /* Info.plist */,
			);
			path = SVAP;
			sourceTree = "<group>";
		};
		882E63342AB5FB0800BFE332 /* Resources */ = {
			isa = PBXGroup;
			children = (
				882E63482AB606E000BFE332 /* IBM_Plex_Sans_KR */,
				882E631D2AB5FA2800BFE332 /* Assets.xcassets */,
				882E631F2AB5FA2800BFE332 /* LaunchScreen.storyboard */,
			);
			path = Resources;
			sourceTree = "<group>";
		};
		882E63352AB5FB4300BFE332 /* Sources */ = {
			isa = PBXGroup;
			children = (
				88A293732AC47B29007B4469 /* Application */,
				882E633B2AB5FC1400BFE332 /* Base */,
				884A918B2AD9914F00AE1E14 /* Extension */,
				880D92292AC861590053D5A6 /* Networking */,
				882E63452AB604DF00BFE332 /* Component */,
				88152F692AEA982C002CB48D /* Model */,
				8802D4552AF000C2000E907E /* Protocol */,
				884A91462AD2B07B00AE1E14 /* Scene */,
			);
			path = Sources;
			sourceTree = "<group>";
		};
		882E63362AB5FB5600BFE332 /* Auth */ = {
			isa = PBXGroup;
			children = (
				882E63372AB5FB5B00BFE332 /* Login */,
				882E63382AB5FB5F00BFE332 /* Signup */,
			);
			path = Auth;
			sourceTree = "<group>";
		};
		882E63372AB5FB5B00BFE332 /* Login */ = {
			isa = PBXGroup;
			children = (
				882E633F2AB5FF7F00BFE332 /* LoginViewController.swift */,
				884A91732AD82C7200AE1E14 /* LoginViewModel.swift */,
			);
			path = Login;
			sourceTree = "<group>";
		};
		882E63382AB5FB5F00BFE332 /* Signup */ = {
			isa = PBXGroup;
			children = (
				884A91902AD9A72500AE1E14 /* View */,
				884A91912AD9A73B00AE1E14 /* ViewModel */,
			);
			path = Signup;
			sourceTree = "<group>";
		};
		882E633B2AB5FC1400BFE332 /* Base */ = {
			isa = PBXGroup;
			children = (
				882E633D2AB5FC3B00BFE332 /* BaseVC.swift */,
				8849DA0B2B15F1D600708256 /* TabBarVC.swift */,
			);
			path = Base;
			sourceTree = "<group>";
		};
		882E63422AB6048100BFE332 /* Onboarding */ = {
			isa = PBXGroup;
			children = (
				882E63432AB6048F00BFE332 /* OnboardingViewController.swift */,
			);
			path = Onboarding;
			sourceTree = "<group>";
		};
		882E63452AB604DF00BFE332 /* Component */ = {
			isa = PBXGroup;
			children = (
				882E63462AB6054700BFE332 /* CustomButton.swift */,
				882E635B2AB6172800BFE332 /* CustomTextField.swift */,
				882E63632AB69D2300BFE332 /* LabelButton.swift */,
				888A18B02AC01A3800168377 /* CustomMenu.swift */,
				885A74932AC2ED4A00EC3F1A /* SearchTextField.swift */,
				884A91372ACFE5B300AE1E14 /* CustomTextView.swift */,
				884A91992ADAE1E700AE1E14 /* PetitionTypeButton.swift */,
				88B7C64A2ADAECCC0082EA43 /* PetitionMenu.swift */,
				8867D3E52ADE4D550048B205 /* ScrollButton.swift */,
				8867D3EC2ADF80830048B205 /* DetailPetitionlButton.swift */,
				8849DA442B189A9600708256 /* CustomImageView.swift */,
			);
			path = Component;
			sourceTree = "<group>";
		};
		882E63482AB606E000BFE332 /* IBM_Plex_Sans_KR */ = {
			isa = PBXGroup;
			children = (
				882E63492AB606E000BFE332 /* IBMPlexSansKR-ExtraLight.ttf */,
				882E634A2AB606E000BFE332 /* IBMPlexSansKR-Regular.ttf */,
				882E634B2AB606E000BFE332 /* IBMPlexSansKR-SemiBold.ttf */,
				882E634C2AB606E000BFE332 /* IBMPlexSansKR-Medium.ttf */,
				882E634D2AB606E000BFE332 /* OFL.txt */,
				882E634E2AB606E000BFE332 /* IBMPlexSansKR-Light.ttf */,
				882E634F2AB606E000BFE332 /* IBMPlexSansKR-Thin.ttf */,
				882E63502AB606E000BFE332 /* IBMPlexSansKR-Bold.ttf */,
			);
			path = IBM_Plex_Sans_KR;
			sourceTree = "<group>";
		};
		882E63732AB7107C00BFE332 /* Main */ = {
			isa = PBXGroup;
			children = (
				882E63742AB7109000BFE332 /* MainViewController.swift */,
				88152F832AED3903002CB48D /* MainViewModel.swift */,
				888A18822ABFE72500168377 /* Cell */,
			);
			path = Main;
			sourceTree = "<group>";
		};
		8849D9DE2B11F0B500708256 /* Model */ = {
			isa = PBXGroup;
			children = (
				8849D9DF2B11F0C500708256 /* DataModel.swift */,
			);
			path = Model;
			sourceTree = "<group>";
		};
		884A91462AD2B07B00AE1E14 /* Scene */ = {
			isa = PBXGroup;
			children = (
				882E63422AB6048100BFE332 /* Onboarding */,
				882E63362AB5FB5600BFE332 /* Auth */,
				882E63732AB7107C00BFE332 /* Main */,
				884A915E2AD6625700AE1E14 /* Petition */,
				8867D3F12ADFA5870048B205 /* MyPage */,
			);
			path = Scene;
			sourceTree = "<group>";
		};
		884A914B2AD2FE2400AE1E14 /* Plugin */ = {
			isa = PBXGroup;
			children = (
				884A914C2AD2FE3600AE1E14 /* MoyaLoggerPlugin.swift */,
			);
			path = Plugin;
			sourceTree = "<group>";
		};
		884A915D2AD661EF00AE1E14 /* PetitionCreate */ = {
			isa = PBXGroup;
			children = (
				88C3E3692B079C0F009B2A32 /* PetitionCreateViewController.swift */,
				88152F6D2AEA98C1002CB48D /* PetitionCreateViewModel.swift */,
			);
			path = PetitionCreate;
			sourceTree = "<group>";
		};
		884A915E2AD6625700AE1E14 /* Petition */ = {
			isa = PBXGroup;
			children = (
				8849D9DE2B11F0B500708256 /* Model */,
				8855545F2AF643050025747E /* Alert */,
				884A915F2AD664A500AE1E14 /* Cell */,
				884A915D2AD661EF00AE1E14 /* PetitionCreate */,
				888A18832ABFE72D00168377 /* ViewPetition */,
			);
			path = Petition;
			sourceTree = "<group>";
		};
		884A915F2AD664A500AE1E14 /* Cell */ = {
			isa = PBXGroup;
			children = (
				884A91622AD6652D00AE1E14 /* PetitionCell.swift */,
				8849D9792B0C6F8C00708256 /* ImageCell.swift */,
			);
			path = Cell;
			sourceTree = "<group>";
		};
		884A91642AD6654E00AE1E14 /* View */ = {
			isa = PBXGroup;
			children = (
				88A6CC882AC18A3600BF36C3 /* PetitionViewController.swift */,
				884A91352ACF7C8E00AE1E14 /* DetailPetitionViewController.swift */,
				884A91862AD8387B00AE1E14 /* UserPetitionViewController.swift */,
			);
			path = View;
			sourceTree = "<group>";
		};
		884A91882AD8B83A00AE1E14 /* ServiceModel */ = {
			isa = PBXGroup;
			children = (
				884A91892AD8B86300AE1E14 /* ServiceType.swift */,
			);
			path = ServiceModel;
			sourceTree = "<group>";
		};
		884A918B2AD9914F00AE1E14 /* Extension */ = {
			isa = PBXGroup;
			children = (
				884A918C2AD9917000AE1E14 /* UIViewControllerExtension.swift */,
				884A918E2AD9A1D500AE1E14 /* CALayerExtension.swift */,
			);
			path = Extension;
			sourceTree = "<group>";
		};
		884A91902AD9A72500AE1E14 /* View */ = {
			isa = PBXGroup;
			children = (
				882E63592AB6169A00BFE332 /* UserIdViewController.swift */,
				882E63652AB7081000BFE332 /* UserPasswordViewController.swift */,
				882E63672AB7098000BFE332 /* UserNameViewController.swift */,
			);
			path = View;
			sourceTree = "<group>";
		};
		884A91912AD9A73B00AE1E14 /* ViewModel */ = {
			isa = PBXGroup;
			children = (
				884A91922AD9A7A300AE1E14 /* UserIdViewModel.swift */,
				888CC4C52AFC65DA00C50A99 /* UserPasswordViewModel.swift */,
				884A91972AD9B84400AE1E14 /* UserSignupViewModel.swift */,
			);
			path = ViewModel;
			sourceTree = "<group>";
		};
		8855545F2AF643050025747E /* Alert */ = {
			isa = PBXGroup;
			children = (
				885554602AF6432D0025747E /* View */,
				885554612AF643320025747E /* ViewModel */,
			);
			path = Alert;
			sourceTree = "<group>";
		};
		885554602AF6432D0025747E /* View */ = {
			isa = PBXGroup;
			children = (
				8867D3EA2ADF7E090048B205 /* DetailPetitionAlert.swift */,
				8867D3E12ADD438F0048B205 /* PetitionReportAlert.swift */,
			);
			path = View;
			sourceTree = "<group>";
		};
		885554612AF643320025747E /* ViewModel */ = {
			isa = PBXGroup;
			children = (
				885554622AF643490025747E /* DetailPetitionAlertViewModel.swift */,
				885554652AF643560025747E /* PetitionReportAlertViewModel.swift */,
			);
			path = ViewModel;
			sourceTree = "<group>";
		};
		8867D3F12ADFA5870048B205 /* MyPage */ = {
			isa = PBXGroup;
			children = (
				88C8FA512B287B0700C039A2 /* Alert */,
				88C8FA582B288B5100C039A2 /* View */,
				88C8FA4C2B287A3E00C039A2 /* ViewModel */,
			);
			path = MyPage;
			sourceTree = "<group>";
		};
		888A18822ABFE72500168377 /* Cell */ = {
			isa = PBXGroup;
			children = (
				882E63762AB736F200BFE332 /* MainCell.swift */,
				882E637A2AB7FC0600BFE332 /* ApprovedCell.swift */,
			);
			path = Cell;
			sourceTree = "<group>";
		};
		888A18832ABFE72D00168377 /* ViewPetition */ = {
			isa = PBXGroup;
			children = (
				884A91642AD6654E00AE1E14 /* View */,
				88152F662AE8EA3E002CB48D /* ViewModel */,
			);
			path = ViewPetition;
			sourceTree = "<group>";
		};
		88A293712AC3A857007B4469 /* Frameworks */ = {
			isa = PBXGroup;
			children = (
				88A293722AC3A857007B4469 /* libz.tbd */,
			);
			name = Frameworks;
			sourceTree = "<group>";
		};
		88A293732AC47B29007B4469 /* Application */ = {
			isa = PBXGroup;
			children = (
				882E63142AB5FA2700BFE332 /* AppDelegate.swift */,
				882E63162AB5FA2700BFE332 /* SceneDelegate.swift */,
			);
			path = Application;
			sourceTree = "<group>";
		};
		88C8FA4C2B287A3E00C039A2 /* ViewModel */ = {
			isa = PBXGroup;
			children = (
				8867D3EF2ADF9D400048B205 /* MyPageViewModel.swift */,
			);
			path = ViewModel;
			sourceTree = "<group>";
		};
		88C8FA512B287B0700C039A2 /* Alert */ = {
			isa = PBXGroup;
			children = (
				88C8FA522B287B0F00C039A2 /* MyPageAlert.swift */,
			);
			path = Alert;
			sourceTree = "<group>";
		};
		88C8FA582B288B5100C039A2 /* View */ = {
			isa = PBXGroup;
			children = (
				88C8FA562B288B3800C039A2 /* MyPageViewController.swift */,
				88C8FA592B288E2600C039A2 /* UserInfoModifyViewController.swift */,
				88C8FA5B2B2891F200C039A2 /* PasswordChangeViewController.swift */,
			);
			path = View;
			sourceTree = "<group>";
		};
/* End PBXGroup section */

/* Begin PBXNativeTarget section */
		882E63102AB5FA2700BFE332 /* SVAP */ = {
			isa = PBXNativeTarget;
			buildConfigurationList = 882E63252AB5FA2800BFE332 /* Build configuration list for PBXNativeTarget "SVAP" */;
			buildPhases = (
				882E630D2AB5FA2700BFE332 /* Sources */,
				882E630E2AB5FA2700BFE332 /* Frameworks */,
				882E630F2AB5FA2700BFE332 /* Resources */,
			);
			buildRules = (
			);
			dependencies = (
			);
			name = SVAP;
			packageProductDependencies = (
				88A293682AC3A723007B4469 /* SnapKit */,
				88A2936B2AC3A729007B4469 /* Then */,
				880D92272AC860F70053D5A6 /* Moya */,
				880D92332AC864530053D5A6 /* SwiftKeychainWrapper */,
				884A91412AD19FF000AE1E14 /* SideMenu */,
				884A91662AD6658700AE1E14 /* Kingfisher */,
				884A916D2AD8294800AE1E14 /* RxBlocking */,
				884A916F2AD8294800AE1E14 /* RxCocoa */,
				884A91822AD8349100AE1E14 /* Moya */,
				884A91842AD8349100AE1E14 /* RxMoya */,
				8867D3E82ADE7A510048B205 /* RxGesture */,
				8849DA402B18991300708256 /* BSImagePicker */,
			);
			productName = SVAP_iOS;
			productReference = 882E63112AB5FA2700BFE332 /* SVAP.app */;
			productType = "com.apple.product-type.application";
		};
/* End PBXNativeTarget section */

/* Begin PBXProject section */
		882E63092AB5FA2700BFE332 /* Project object */ = {
			isa = PBXProject;
			attributes = {
				BuildIndependentTargetsInParallel = 1;
				LastSwiftUpdateCheck = 1430;
				LastUpgradeCheck = 1500;
				TargetAttributes = {
					882E63102AB5FA2700BFE332 = {
						CreatedOnToolsVersion = 14.3.1;
					};
				};
			};
			buildConfigurationList = 882E630C2AB5FA2700BFE332 /* Build configuration list for PBXProject "SVAP" */;
			compatibilityVersion = "Xcode 14.0";
			developmentRegion = en;
			hasScannedForEncodings = 0;
			knownRegions = (
				en,
			);
			mainGroup = 882E63082AB5FA2700BFE332;
			packageReferences = (
				88A293672AC3A723007B4469 /* XCRemoteSwiftPackageReference "SnapKit" */,
				88A2936A2AC3A729007B4469 /* XCRemoteSwiftPackageReference "Then" */,
				880D92262AC860F70053D5A6 /* XCRemoteSwiftPackageReference "Moya" */,
				880D92322AC864530053D5A6 /* XCRemoteSwiftPackageReference "SwiftKeychainWrapper" */,
				884A91402AD19FF000AE1E14 /* XCRemoteSwiftPackageReference "SideMenu" */,
				884A91652AD6658700AE1E14 /* XCRemoteSwiftPackageReference "Kingfisher" */,
				884A916C2AD8294800AE1E14 /* XCRemoteSwiftPackageReference "RxSwift" */,
				8867D3E72ADE7A510048B205 /* XCRemoteSwiftPackageReference "RxGesture" */,
				8849DA3F2B18991300708256 /* XCRemoteSwiftPackageReference "BSImagePicker" */,
			);
			productRefGroup = 882E63122AB5FA2700BFE332 /* Products */;
			projectDirPath = "";
			projectRoot = "";
			targets = (
				882E63102AB5FA2700BFE332 /* SVAP */,
			);
		};
/* End PBXProject section */

/* Begin PBXResourcesBuildPhase section */
		882E630F2AB5FA2700BFE332 /* Resources */ = {
			isa = PBXResourcesBuildPhase;
			buildActionMask = 2147483647;
			files = (
				882E63552AB606E000BFE332 /* OFL.txt in Resources */,
				882E63212AB5FA2800BFE332 /* LaunchScreen.storyboard in Resources */,
				882E63512AB606E000BFE332 /* IBMPlexSansKR-ExtraLight.ttf in Resources */,
				882E63572AB606E000BFE332 /* IBMPlexSansKR-Thin.ttf in Resources */,
				882E63562AB606E000BFE332 /* IBMPlexSansKR-Light.ttf in Resources */,
				882E631E2AB5FA2800BFE332 /* Assets.xcassets in Resources */,
				882E63542AB606E000BFE332 /* IBMPlexSansKR-Medium.ttf in Resources */,
				882E63582AB606E000BFE332 /* IBMPlexSansKR-Bold.ttf in Resources */,
				882E63522AB606E000BFE332 /* IBMPlexSansKR-Regular.ttf in Resources */,
				882E63532AB606E000BFE332 /* IBMPlexSansKR-SemiBold.ttf in Resources */,
			);
			runOnlyForDeploymentPostprocessing = 0;
		};
/* End PBXResourcesBuildPhase section */

/* Begin PBXSourcesBuildPhase section */
		882E630D2AB5FA2700BFE332 /* Sources */ = {
			isa = PBXSourcesBuildPhase;
			buildActionMask = 2147483647;
			files = (
				88152F6E2AEA98C1002CB48D /* PetitionCreateViewModel.swift in Sources */,
				8867D3F72AE0BACA0048B205 /* UserPetitionViewModel.swift in Sources */,
				884A91632AD6652D00AE1E14 /* PetitionCell.swift in Sources */,
				882E637B2AB7FC0600BFE332 /* ApprovedCell.swift in Sources */,
				884A91532AD58F3800AE1E14 /* PetitionModel.swift in Sources */,
				884A91362ACF7C8E00AE1E14 /* DetailPetitionViewController.swift in Sources */,
				8855542F2AF38D0B0025747E /* DetailPetitionViewModel.swift in Sources */,
				884A918A2AD8B86300AE1E14 /* ServiceType.swift in Sources */,
				882E63442AB6048F00BFE332 /* OnboardingViewController.swift in Sources */,
				880D923C2AC9B2500053D5A6 /* AuthModel.swift in Sources */,
				8867D3ED2ADF80830048B205 /* DetailPetitionlButton.swift in Sources */,
				88152F682AE8EA85002CB48D /* PetitionViewModel.swift in Sources */,
				880D92302AC861DA0053D5A6 /* AuthAPI.swift in Sources */,
				882E63402AB5FF8000BFE332 /* LoginViewController.swift in Sources */,
				8849D97A2B0C6F8C00708256 /* ImageCell.swift in Sources */,
				884A91452AD2745900AE1E14 /* SignupInfo.swift in Sources */,
				885554662AF643560025747E /* PetitionReportAlertViewModel.swift in Sources */,
				8849DAD02B2153BD00708256 /* UserIdData.swift in Sources */,
				882E63472AB6054700BFE332 /* CustomButton.swift in Sources */,
				882E63152AB5FA2700BFE332 /* AppDelegate.swift in Sources */,
				88C8FA572B288B3800C039A2 /* MyPageViewController.swift in Sources */,
				8867D3E22ADD438F0048B205 /* PetitionReportAlert.swift in Sources */,
				884A91722AD82B7400AE1E14 /* ViewModelType.swift in Sources */,
				8849DAD22B238B0600708256 /* Storage.swift in Sources */,
				884A91582AD6462400AE1E14 /* DetailPetitionModel.swift in Sources */,
				8867D3E62ADE4D550048B205 /* ScrollButton.swift in Sources */,
				885A74942AC2ED4A00EC3F1A /* SearchTextField.swift in Sources */,
				882E635C2AB6172800BFE332 /* CustomTextField.swift in Sources */,
				882E633E2AB5FC3B00BFE332 /* BaseVC.swift in Sources */,
				8849D9E22B138E1B00708256 /* TokenModel.swift in Sources */,
				882E63772AB736F200BFE332 /* MainCell.swift in Sources */,
				882E63662AB7081000BFE332 /* UserPasswordViewController.swift in Sources */,
				88C8FA532B287B0F00C039A2 /* MyPageAlert.swift in Sources */,
				882E63642AB69D2300BFE332 /* LabelButton.swift in Sources */,
				8867D3EB2ADF7E090048B205 /* DetailPetitionAlert.swift in Sources */,
				884A91382ACFE5B300AE1E14 /* CustomTextView.swift in Sources */,
				8849D9E02B11F0C500708256 /* DataModel.swift in Sources */,
				884A918D2AD9917000AE1E14 /* UIViewControllerExtension.swift in Sources */,
				884A91982AD9B84400AE1E14 /* UserSignupViewModel.swift in Sources */,
				884A918F2AD9A1D500AE1E14 /* CALayerExtension.swift in Sources */,
				884A91932AD9A7A300AE1E14 /* UserIdViewModel.swift in Sources */,
				88152F842AED3903002CB48D /* MainViewModel.swift in Sources */,
				8802D4B42AF24812000E907E /* ImageModel.swift in Sources */,
				884A917E2AD8330900AE1E14 /* AuthService.swift in Sources */,
				88C3E36A2B079C0F009B2A32 /* PetitionCreateViewController.swift in Sources */,
				880D92382AC864A10053D5A6 /* Header.swift in Sources */,
				8849DA452B189A9600708256 /* CustomImageView.swift in Sources */,
				882E63172AB5FA2700BFE332 /* SceneDelegate.swift in Sources */,
				8849DA0C2B15F1D600708256 /* TabBarVC.swift in Sources */,
				8867D3F02ADF9D400048B205 /* MyPageViewModel.swift in Sources */,
				888CC4C62AFC65DA00C50A99 /* UserPasswordViewModel.swift in Sources */,
				884A914D2AD2FE3600AE1E14 /* MoyaLoggerPlugin.swift in Sources */,
				884A91812AD8332500AE1E14 /* PetitionService.swift in Sources */,
				884A919A2ADAE1E700AE1E14 /* PetitionTypeButton.swift in Sources */,
				884A91562AD5900100AE1E14 /* UserInfoModel.swift in Sources */,
				884A91742AD82C7200AE1E14 /* LoginViewModel.swift in Sources */,
				884A91872AD8387B00AE1E14 /* UserPetitionViewController.swift in Sources */,
				882E635A2AB6169A00BFE332 /* UserIdViewController.swift in Sources */,
				88B7C64B2ADAECCC0082EA43 /* PetitionMenu.swift in Sources */,
				880D92412AC9B3B40053D5A6 /* PetitionAPI.swift in Sources */,
				888A18B12AC01A3800168377 /* CustomMenu.swift in Sources */,
				88C8FA5A2B288E2600C039A2 /* UserInfoModifyViewController.swift in Sources */,
				88C8FA5C2B2891F200C039A2 /* PasswordChangeViewController.swift in Sources */,
				882E63752AB7109000BFE332 /* MainViewController.swift in Sources */,
				885554632AF643490025747E /* DetailPetitionAlertViewModel.swift in Sources */,
				88A6CC892AC18A3600BF36C3 /* PetitionViewController.swift in Sources */,
				882E63682AB7098000BFE332 /* UserNameViewController.swift in Sources */,
			);
			runOnlyForDeploymentPostprocessing = 0;
		};
/* End PBXSourcesBuildPhase section */

/* Begin PBXVariantGroup section */
		882E631F2AB5FA2800BFE332 /* LaunchScreen.storyboard */ = {
			isa = PBXVariantGroup;
			children = (
				885A74952AC2F6A200EC3F1A /* en */,
			);
			name = LaunchScreen.storyboard;
			sourceTree = "<group>";
		};
/* End PBXVariantGroup section */

/* Begin XCBuildConfiguration section */
		882E63232AB5FA2800BFE332 /* Debug */ = {
			isa = XCBuildConfiguration;
			buildSettings = {
				ALWAYS_SEARCH_USER_PATHS = NO;
				CLANG_ANALYZER_NONNULL = YES;
				CLANG_ANALYZER_NUMBER_OBJECT_CONVERSION = YES_AGGRESSIVE;
				CLANG_CXX_LANGUAGE_STANDARD = "gnu++20";
				CLANG_ENABLE_MODULES = YES;
				CLANG_ENABLE_OBJC_ARC = YES;
				CLANG_ENABLE_OBJC_WEAK = YES;
				CLANG_WARN_BLOCK_CAPTURE_AUTORELEASING = YES;
				CLANG_WARN_BOOL_CONVERSION = YES;
				CLANG_WARN_COMMA = YES;
				CLANG_WARN_CONSTANT_CONVERSION = YES;
				CLANG_WARN_DEPRECATED_OBJC_IMPLEMENTATIONS = YES;
				CLANG_WARN_DIRECT_OBJC_ISA_USAGE = YES_ERROR;
				CLANG_WARN_DOCUMENTATION_COMMENTS = YES;
				CLANG_WARN_EMPTY_BODY = YES;
				CLANG_WARN_ENUM_CONVERSION = YES;
				CLANG_WARN_INFINITE_RECURSION = YES;
				CLANG_WARN_INT_CONVERSION = YES;
				CLANG_WARN_NON_LITERAL_NULL_CONVERSION = YES;
				CLANG_WARN_OBJC_IMPLICIT_RETAIN_SELF = YES;
				CLANG_WARN_OBJC_LITERAL_CONVERSION = YES;
				CLANG_WARN_OBJC_ROOT_CLASS = YES_ERROR;
				CLANG_WARN_QUOTED_INCLUDE_IN_FRAMEWORK_HEADER = YES;
				CLANG_WARN_RANGE_LOOP_ANALYSIS = YES;
				CLANG_WARN_STRICT_PROTOTYPES = YES;
				CLANG_WARN_SUSPICIOUS_MOVE = YES;
				CLANG_WARN_UNGUARDED_AVAILABILITY = YES_AGGRESSIVE;
				CLANG_WARN_UNREACHABLE_CODE = YES;
				CLANG_WARN__DUPLICATE_METHOD_MATCH = YES;
				COPY_PHASE_STRIP = NO;
				DEBUG_INFORMATION_FORMAT = dwarf;
				ENABLE_STRICT_OBJC_MSGSEND = YES;
				ENABLE_TESTABILITY = YES;
				ENABLE_USER_SCRIPT_SANDBOXING = YES;
				GCC_C_LANGUAGE_STANDARD = gnu11;
				GCC_DYNAMIC_NO_PIC = NO;
				GCC_NO_COMMON_BLOCKS = YES;
				GCC_OPTIMIZATION_LEVEL = 0;
				GCC_PREPROCESSOR_DEFINITIONS = (
					"DEBUG=1",
					"$(inherited)",
				);
				GCC_WARN_64_TO_32_BIT_CONVERSION = YES;
				GCC_WARN_ABOUT_RETURN_TYPE = YES_ERROR;
				GCC_WARN_UNDECLARED_SELECTOR = YES;
				GCC_WARN_UNINITIALIZED_AUTOS = YES_AGGRESSIVE;
				GCC_WARN_UNUSED_FUNCTION = YES;
				GCC_WARN_UNUSED_VARIABLE = YES;
				IPHONEOS_DEPLOYMENT_TARGET = 15.6;
				MTL_ENABLE_DEBUG_INFO = INCLUDE_SOURCE;
				MTL_FAST_MATH = YES;
				ONLY_ACTIVE_ARCH = YES;
				SDKROOT = iphoneos;
				SWIFT_ACTIVE_COMPILATION_CONDITIONS = DEBUG;
				SWIFT_OPTIMIZATION_LEVEL = "-Onone";
			};
			name = Debug;
		};
		882E63242AB5FA2800BFE332 /* Release */ = {
			isa = XCBuildConfiguration;
			buildSettings = {
				ALWAYS_SEARCH_USER_PATHS = NO;
				CLANG_ANALYZER_NONNULL = YES;
				CLANG_ANALYZER_NUMBER_OBJECT_CONVERSION = YES_AGGRESSIVE;
				CLANG_CXX_LANGUAGE_STANDARD = "gnu++20";
				CLANG_ENABLE_MODULES = YES;
				CLANG_ENABLE_OBJC_ARC = YES;
				CLANG_ENABLE_OBJC_WEAK = YES;
				CLANG_WARN_BLOCK_CAPTURE_AUTORELEASING = YES;
				CLANG_WARN_BOOL_CONVERSION = YES;
				CLANG_WARN_COMMA = YES;
				CLANG_WARN_CONSTANT_CONVERSION = YES;
				CLANG_WARN_DEPRECATED_OBJC_IMPLEMENTATIONS = YES;
				CLANG_WARN_DIRECT_OBJC_ISA_USAGE = YES_ERROR;
				CLANG_WARN_DOCUMENTATION_COMMENTS = YES;
				CLANG_WARN_EMPTY_BODY = YES;
				CLANG_WARN_ENUM_CONVERSION = YES;
				CLANG_WARN_INFINITE_RECURSION = YES;
				CLANG_WARN_INT_CONVERSION = YES;
				CLANG_WARN_NON_LITERAL_NULL_CONVERSION = YES;
				CLANG_WARN_OBJC_IMPLICIT_RETAIN_SELF = YES;
				CLANG_WARN_OBJC_LITERAL_CONVERSION = YES;
				CLANG_WARN_OBJC_ROOT_CLASS = YES_ERROR;
				CLANG_WARN_QUOTED_INCLUDE_IN_FRAMEWORK_HEADER = YES;
				CLANG_WARN_RANGE_LOOP_ANALYSIS = YES;
				CLANG_WARN_STRICT_PROTOTYPES = YES;
				CLANG_WARN_SUSPICIOUS_MOVE = YES;
				CLANG_WARN_UNGUARDED_AVAILABILITY = YES_AGGRESSIVE;
				CLANG_WARN_UNREACHABLE_CODE = YES;
				CLANG_WARN__DUPLICATE_METHOD_MATCH = YES;
				COPY_PHASE_STRIP = NO;
				DEBUG_INFORMATION_FORMAT = "dwarf-with-dsym";
				ENABLE_NS_ASSERTIONS = NO;
				ENABLE_STRICT_OBJC_MSGSEND = YES;
				ENABLE_USER_SCRIPT_SANDBOXING = YES;
				GCC_C_LANGUAGE_STANDARD = gnu11;
				GCC_NO_COMMON_BLOCKS = YES;
				GCC_WARN_64_TO_32_BIT_CONVERSION = YES;
				GCC_WARN_ABOUT_RETURN_TYPE = YES_ERROR;
				GCC_WARN_UNDECLARED_SELECTOR = YES;
				GCC_WARN_UNINITIALIZED_AUTOS = YES_AGGRESSIVE;
				GCC_WARN_UNUSED_FUNCTION = YES;
				GCC_WARN_UNUSED_VARIABLE = YES;
				IPHONEOS_DEPLOYMENT_TARGET = 15.6;
				MTL_ENABLE_DEBUG_INFO = NO;
				MTL_FAST_MATH = YES;
				SDKROOT = iphoneos;
				SWIFT_COMPILATION_MODE = wholemodule;
				SWIFT_OPTIMIZATION_LEVEL = "-O";
				VALIDATE_PRODUCT = YES;
			};
			name = Release;
		};
		882E63262AB5FA2800BFE332 /* Debug */ = {
			isa = XCBuildConfiguration;
			buildSettings = {
				ASSETCATALOG_COMPILER_APPICON_NAME = AppIcon;
				ASSETCATALOG_COMPILER_GLOBAL_ACCENT_COLOR_NAME = AccentColor;
				CODE_SIGN_STYLE = Automatic;
				CURRENT_PROJECT_VERSION = 1;
				DEVELOPMENT_TEAM = 8836BP5ACL;
				GENERATE_INFOPLIST_FILE = YES;
				INFOPLIST_FILE = SVAP/Info.plist;
				INFOPLIST_KEY_UIApplicationSupportsIndirectInputEvents = YES;
				INFOPLIST_KEY_UILaunchStoryboardName = LaunchScreen;
				INFOPLIST_KEY_UISupportedInterfaceOrientations_iPad = "UIInterfaceOrientationPortrait UIInterfaceOrientationPortraitUpsideDown UIInterfaceOrientationLandscapeLeft UIInterfaceOrientationLandscapeRight";
				INFOPLIST_KEY_UISupportedInterfaceOrientations_iPhone = "UIInterfaceOrientationPortrait UIInterfaceOrientationLandscapeLeft UIInterfaceOrientationLandscapeRight";
				IPHONEOS_DEPLOYMENT_TARGET = 15.6;
				LD_RUNPATH_SEARCH_PATHS = (
					"$(inherited)",
					"@executable_path/Frameworks",
				);
				MARKETING_VERSION = 1.0;
				PRODUCT_BUNDLE_IDENTIFIER = "com.SVAP.SVAP-iOS";
				PRODUCT_NAME = "$(TARGET_NAME)";
				SWIFT_EMIT_LOC_STRINGS = YES;
				SWIFT_VERSION = 5.0;
				TARGETED_DEVICE_FAMILY = "1,2";
			};
			name = Debug;
		};
		882E63272AB5FA2800BFE332 /* Release */ = {
			isa = XCBuildConfiguration;
			buildSettings = {
				ASSETCATALOG_COMPILER_APPICON_NAME = AppIcon;
				ASSETCATALOG_COMPILER_GLOBAL_ACCENT_COLOR_NAME = AccentColor;
				CODE_SIGN_STYLE = Automatic;
				CURRENT_PROJECT_VERSION = 1;
				DEVELOPMENT_TEAM = 8836BP5ACL;
				GENERATE_INFOPLIST_FILE = YES;
				INFOPLIST_FILE = SVAP/Info.plist;
				INFOPLIST_KEY_UIApplicationSupportsIndirectInputEvents = YES;
				INFOPLIST_KEY_UILaunchStoryboardName = LaunchScreen;
				INFOPLIST_KEY_UISupportedInterfaceOrientations_iPad = "UIInterfaceOrientationPortrait UIInterfaceOrientationPortraitUpsideDown UIInterfaceOrientationLandscapeLeft UIInterfaceOrientationLandscapeRight";
				INFOPLIST_KEY_UISupportedInterfaceOrientations_iPhone = "UIInterfaceOrientationPortrait UIInterfaceOrientationLandscapeLeft UIInterfaceOrientationLandscapeRight";
				IPHONEOS_DEPLOYMENT_TARGET = 15.6;
				LD_RUNPATH_SEARCH_PATHS = (
					"$(inherited)",
					"@executable_path/Frameworks",
				);
				MARKETING_VERSION = 1.0;
				PRODUCT_BUNDLE_IDENTIFIER = "com.SVAP.SVAP-iOS";
				PRODUCT_NAME = "$(TARGET_NAME)";
				SWIFT_EMIT_LOC_STRINGS = YES;
				SWIFT_VERSION = 5.0;
				TARGETED_DEVICE_FAMILY = "1,2";
			};
			name = Release;
		};
/* End XCBuildConfiguration section */

/* Begin XCConfigurationList section */
		882E630C2AB5FA2700BFE332 /* Build configuration list for PBXProject "SVAP" */ = {
			isa = XCConfigurationList;
			buildConfigurations = (
				882E63232AB5FA2800BFE332 /* Debug */,
				882E63242AB5FA2800BFE332 /* Release */,
			);
			defaultConfigurationIsVisible = 0;
			defaultConfigurationName = Release;
		};
		882E63252AB5FA2800BFE332 /* Build configuration list for PBXNativeTarget "SVAP" */ = {
			isa = XCConfigurationList;
			buildConfigurations = (
				882E63262AB5FA2800BFE332 /* Debug */,
				882E63272AB5FA2800BFE332 /* Release */,
			);
			defaultConfigurationIsVisible = 0;
			defaultConfigurationName = Release;
		};
/* End XCConfigurationList section */

/* Begin XCRemoteSwiftPackageReference section */
		880D92262AC860F70053D5A6 /* XCRemoteSwiftPackageReference "Moya" */ = {
			isa = XCRemoteSwiftPackageReference;
			repositoryURL = "https://github.com/Moya/Moya.git";
			requirement = {
				kind = upToNextMajorVersion;
				minimumVersion = 15.0.3;
			};
		};
		880D92322AC864530053D5A6 /* XCRemoteSwiftPackageReference "SwiftKeychainWrapper" */ = {
			isa = XCRemoteSwiftPackageReference;
			repositoryURL = "https://github.com/jrendel/SwiftKeychainWrapper";
			requirement = {
				kind = upToNextMajorVersion;
				minimumVersion = 4.0.1;
			};
		};
		8849DA3F2B18991300708256 /* XCRemoteSwiftPackageReference "BSImagePicker" */ = {
			isa = XCRemoteSwiftPackageReference;
			repositoryURL = "https://github.com/mikaoj/BSImagePicker.git";
			requirement = {
				kind = upToNextMajorVersion;
				minimumVersion = 3.3.1;
			};
		};
		884A91402AD19FF000AE1E14 /* XCRemoteSwiftPackageReference "SideMenu" */ = {
			isa = XCRemoteSwiftPackageReference;
			repositoryURL = "https://github.com/jonkykong/SideMenu.git";
			requirement = {
				kind = upToNextMajorVersion;
				minimumVersion = 6.5.0;
			};
		};
		884A91652AD6658700AE1E14 /* XCRemoteSwiftPackageReference "Kingfisher" */ = {
			isa = XCRemoteSwiftPackageReference;
			repositoryURL = "https://github.com/onevcat/Kingfisher";
			requirement = {
				kind = upToNextMajorVersion;
				minimumVersion = 7.9.1;
			};
		};
		884A916C2AD8294800AE1E14 /* XCRemoteSwiftPackageReference "RxSwift" */ = {
			isa = XCRemoteSwiftPackageReference;
			repositoryURL = "https://github.com/ReactiveX/RxSwift.git";
			requirement = {
				kind = upToNextMajorVersion;
				minimumVersion = 6.6.0;
			};
		};
		8867D3E72ADE7A510048B205 /* XCRemoteSwiftPackageReference "RxGesture" */ = {
			isa = XCRemoteSwiftPackageReference;
			repositoryURL = "https://github.com/RxSwiftCommunity/RxGesture";
			requirement = {
				kind = upToNextMajorVersion;
				minimumVersion = 4.0.4;
			};
		};
		88A293672AC3A723007B4469 /* XCRemoteSwiftPackageReference "SnapKit" */ = {
			isa = XCRemoteSwiftPackageReference;
			repositoryURL = "https://github.com/SnapKit/SnapKit.git";
			requirement = {
				kind = upToNextMajorVersion;
				minimumVersion = 5.6.0;
			};
		};
		88A2936A2AC3A729007B4469 /* XCRemoteSwiftPackageReference "Then" */ = {
			isa = XCRemoteSwiftPackageReference;
			repositoryURL = "https://github.com/devxoul/Then";
			requirement = {
				kind = upToNextMajorVersion;
				minimumVersion = 3.0.0;
			};
		};
/* End XCRemoteSwiftPackageReference section */

/* Begin XCSwiftPackageProductDependency section */
		880D92272AC860F70053D5A6 /* Moya */ = {
			isa = XCSwiftPackageProductDependency;
			package = 880D92262AC860F70053D5A6 /* XCRemoteSwiftPackageReference "Moya" */;
			productName = Moya;
		};
		880D92332AC864530053D5A6 /* SwiftKeychainWrapper */ = {
			isa = XCSwiftPackageProductDependency;
			package = 880D92322AC864530053D5A6 /* XCRemoteSwiftPackageReference "SwiftKeychainWrapper" */;
			productName = SwiftKeychainWrapper;
		};
		8849DA402B18991300708256 /* BSImagePicker */ = {
			isa = XCSwiftPackageProductDependency;
			package = 8849DA3F2B18991300708256 /* XCRemoteSwiftPackageReference "BSImagePicker" */;
			productName = BSImagePicker;
		};
		884A91412AD19FF000AE1E14 /* SideMenu */ = {
			isa = XCSwiftPackageProductDependency;
			package = 884A91402AD19FF000AE1E14 /* XCRemoteSwiftPackageReference "SideMenu" */;
			productName = SideMenu;
		};
		884A91662AD6658700AE1E14 /* Kingfisher */ = {
			isa = XCSwiftPackageProductDependency;
			package = 884A91652AD6658700AE1E14 /* XCRemoteSwiftPackageReference "Kingfisher" */;
			productName = Kingfisher;
		};
		884A916D2AD8294800AE1E14 /* RxBlocking */ = {
			isa = XCSwiftPackageProductDependency;
			package = 884A916C2AD8294800AE1E14 /* XCRemoteSwiftPackageReference "RxSwift" */;
			productName = RxBlocking;
		};
		884A916F2AD8294800AE1E14 /* RxCocoa */ = {
			isa = XCSwiftPackageProductDependency;
			package = 884A916C2AD8294800AE1E14 /* XCRemoteSwiftPackageReference "RxSwift" */;
			productName = RxCocoa;
		};
		884A91822AD8349100AE1E14 /* Moya */ = {
			isa = XCSwiftPackageProductDependency;
			package = 880D92262AC860F70053D5A6 /* XCRemoteSwiftPackageReference "Moya" */;
			productName = Moya;
		};
		884A91842AD8349100AE1E14 /* RxMoya */ = {
			isa = XCSwiftPackageProductDependency;
			package = 880D92262AC860F70053D5A6 /* XCRemoteSwiftPackageReference "Moya" */;
			productName = RxMoya;
		};
		8867D3E82ADE7A510048B205 /* RxGesture */ = {
			isa = XCSwiftPackageProductDependency;
			package = 8867D3E72ADE7A510048B205 /* XCRemoteSwiftPackageReference "RxGesture" */;
			productName = RxGesture;
		};
		88A293682AC3A723007B4469 /* SnapKit */ = {
			isa = XCSwiftPackageProductDependency;
			package = 88A293672AC3A723007B4469 /* XCRemoteSwiftPackageReference "SnapKit" */;
			productName = SnapKit;
		};
		88A2936B2AC3A729007B4469 /* Then */ = {
			isa = XCSwiftPackageProductDependency;
			package = 88A2936A2AC3A729007B4469 /* XCRemoteSwiftPackageReference "Then" */;
			productName = Then;
		};
/* End XCSwiftPackageProductDependency section */
	};
	rootObject = 882E63092AB5FA2700BFE332 /* Project object */;
}
